// !$*UTF8*$!
{
	archiveVersion = 1;
	classes = {
	};
	objectVersion = 54;
	objects = {

/* Begin PBXBuildFile section */
		0C80B921A6F3F58F76C31292 /* libPods-MyTask.a in Frameworks */ = {isa = PBXBuildFile; fileRef = 5DCACB8F33CDC322A6C60F78 /* libPods-MyTask.a */; };
		13B07FBF1A68108700A75B9A /* Images.xcassets in Resources */ = {isa = PBXBuildFile; fileRef = 13B07FB51A68108700A75B9A /* Images.xcassets */; };
		761780ED2CA45674006654EE /* AppDelegate.swift in Sources */ = {isa = PBXBuildFile; fileRef = 761780EC2CA45674006654EE /* AppDelegate.swift */; };
		81AB9BB82411601600AC10FF /* LaunchScreen.storyboard in Resources */ = {isa = PBXBuildFile; fileRef = 81AB9BB72411601600AC10FF /* LaunchScreen.storyboard */; };
		EF9EC78E4D1A41ECB2006D45 /* OpenSans_Condensed-Bold.ttf in Resources */ = {isa = PBXBuildFile; fileRef = 663BC4E9697443148648AD7A /* OpenSans_Condensed-Bold.ttf */; };
		51D2EA8F62AB496492F6056D /* OpenSans-Bold.ttf in Resources */ = {isa = PBXBuildFile; fileRef = 6774290B18ED4E3D993CF60B /* OpenSans-Bold.ttf */; };
		0C43528061B14447B1488781 /* OpenSans-BoldItalic.ttf in Resources */ = {isa = PBXBuildFile; fileRef = 892DDDC4E88B47D38690C057 /* OpenSans-BoldItalic.ttf */; };
		BD370945D2DA49FA9D338478 /* OpenSans-ExtraBold.ttf in Resources */ = {isa = PBXBuildFile; fileRef = 975C79179AAB4F8BA1BD343B /* OpenSans-ExtraBold.ttf */; };
		6C0E7FEB9B2946088EADF810 /* OpenSans-ExtraBoldItalic.ttf in Resources */ = {isa = PBXBuildFile; fileRef = 34CFC49ADD7F4227A638830E /* OpenSans-ExtraBoldItalic.ttf */; };
		23A46D8252C140AF98859500 /* OpenSans-Italic.ttf in Resources */ = {isa = PBXBuildFile; fileRef = 5B361EA0570D4B5282D43781 /* OpenSans-Italic.ttf */; };
		FCB3F90E3FFA45838418C567 /* OpenSans-Light.ttf in Resources */ = {isa = PBXBuildFile; fileRef = 2788D8C300CC4653B38DF2F1 /* OpenSans-Light.ttf */; };
		774C03CDD3F7478F884D0512 /* OpenSans-LightItalic.ttf in Resources */ = {isa = PBXBuildFile; fileRef = D3A34CE0D9B64A6F94AB649C /* OpenSans-LightItalic.ttf */; };
		2C8ECCF4E9FB4FA5BC39F4BA /* OpenSans-Medium.ttf in Resources */ = {isa = PBXBuildFile; fileRef = 49098D8AE675478CA5D15C39 /* OpenSans-Medium.ttf */; };
		A6E8C85BDC5448F680C4582A /* OpenSans-MediumItalic.ttf in Resources */ = {isa = PBXBuildFile; fileRef = FCDF224B850348CC928417E5 /* OpenSans-MediumItalic.ttf */; };
		8EA0E946C48D4086A6B799E4 /* OpenSans-Regular.ttf in Resources */ = {isa = PBXBuildFile; fileRef = 1DCA5A2023104C4C971A4330 /* OpenSans-Regular.ttf */; };
		E0F18C384B474652B3CF76F7 /* OpenSans-SemiBold.ttf in Resources */ = {isa = PBXBuildFile; fileRef = 1470AE8063D147D1959321FC /* OpenSans-SemiBold.ttf */; };
		870F7C3D62E34428A99A9266 /* OpenSans-SemiBoldItalic.ttf in Resources */ = {isa = PBXBuildFile; fileRef = 819C8F9F8691491CB520A027 /* OpenSans-SemiBoldItalic.ttf */; };
		C3A4BBD49EA94BC59F2CF893 /* OpenSans_Condensed-BoldItalic.ttf in Resources */ = {isa = PBXBuildFile; fileRef = C11F4D5FEC21432F92AE385D /* OpenSans_Condensed-BoldItalic.ttf */; };
		D9005085722545AFA5F708E9 /* OpenSans_Condensed-ExtraBold.ttf in Resources */ = {isa = PBXBuildFile; fileRef = 45767E519FFE41819C7BB0AE /* OpenSans_Condensed-ExtraBold.ttf */; };
		66CC5BF694C747EA9DD7E7FA /* OpenSans_Condensed-ExtraBoldItalic.ttf in Resources */ = {isa = PBXBuildFile; fileRef = 48EF5655F16A4C8FA8007EFB /* OpenSans_Condensed-ExtraBoldItalic.ttf */; };
		14FA72498F2A43A4BCBD3B19 /* OpenSans_Condensed-Italic.ttf in Resources */ = {isa = PBXBuildFile; fileRef = 0173957232964213B6EA98C9 /* OpenSans_Condensed-Italic.ttf */; };
		D3F65F22B94D42C6BA728EDF /* OpenSans_Condensed-Light.ttf in Resources */ = {isa = PBXBuildFile; fileRef = 3680AE2D08664F4986715A7A /* OpenSans_Condensed-Light.ttf */; };
		480EC2F3D7514ACD90AD0EA1 /* OpenSans_Condensed-LightItalic.ttf in Resources */ = {isa = PBXBuildFile; fileRef = D912C0B126E04782A6BF0C72 /* OpenSans_Condensed-LightItalic.ttf */; };
		11C79A79064D434AB4AD2E8B /* OpenSans_Condensed-Medium.ttf in Resources */ = {isa = PBXBuildFile; fileRef = F4AFB400B4274C4B9E8D4CAE /* OpenSans_Condensed-Medium.ttf */; };
		4BC197FE76D84E79B0F41C7F /* OpenSans_Condensed-MediumItalic.ttf in Resources */ = {isa = PBXBuildFile; fileRef = 5A427BB973A44EDBAC88D279 /* OpenSans_Condensed-MediumItalic.ttf */; };
		E7EA8E6DD382447F8222164F /* OpenSans_Condensed-Regular.ttf in Resources */ = {isa = PBXBuildFile; fileRef = CC85677F77F2446F9E9DF107 /* OpenSans_Condensed-Regular.ttf */; };
		E889A37D9033429FBF6A4BB5 /* OpenSans_Condensed-SemiBold.ttf in Resources */ = {isa = PBXBuildFile; fileRef = C301353AE41F4309B1B7799C /* OpenSans_Condensed-SemiBold.ttf */; };
		B801A5467FB4405E92F112A7 /* OpenSans_Condensed-SemiBoldItalic.ttf in Resources */ = {isa = PBXBuildFile; fileRef = DD731CADCD1B4EFEB5897BF5 /* OpenSans_Condensed-SemiBoldItalic.ttf */; };
		9E6095B8EF3D43F1913FEAE4 /* OpenSans_SemiCondensed-Bold.ttf in Resources */ = {isa = PBXBuildFile; fileRef = 3BCB014DDA0746FEAA075FA3 /* OpenSans_SemiCondensed-Bold.ttf */; };
		4812885D9E874725AE59A581 /* OpenSans_SemiCondensed-BoldItalic.ttf in Resources */ = {isa = PBXBuildFile; fileRef = 68792E0C10F54B1AB4E0B478 /* OpenSans_SemiCondensed-BoldItalic.ttf */; };
		341561AFB42D4E9581DF4235 /* OpenSans_SemiCondensed-ExtraBold.ttf in Resources */ = {isa = PBXBuildFile; fileRef = B8A20F490BF94EBD82E0F271 /* OpenSans_SemiCondensed-ExtraBold.ttf */; };
		2896B29C31684A98A5ECA2D6 /* OpenSans_SemiCondensed-ExtraBoldItalic.ttf in Resources */ = {isa = PBXBuildFile; fileRef = 95AB7BCCB4334C77BD3FA9AC /* OpenSans_SemiCondensed-ExtraBoldItalic.ttf */; };
		ACE52217E972431CB07B8E06 /* OpenSans_SemiCondensed-Italic.ttf in Resources */ = {isa = PBXBuildFile; fileRef = 392302913E674A4BB449550C /* OpenSans_SemiCondensed-Italic.ttf */; };
		FA76650739F04980AF1701B4 /* OpenSans_SemiCondensed-Light.ttf in Resources */ = {isa = PBXBuildFile; fileRef = 729A4D16D0D344F48842EC90 /* OpenSans_SemiCondensed-Light.ttf */; };
		44FE9EBB13A944A9880F86A2 /* OpenSans_SemiCondensed-LightItalic.ttf in Resources */ = {isa = PBXBuildFile; fileRef = 43E35D05025448FC89F72F88 /* OpenSans_SemiCondensed-LightItalic.ttf */; };
		0DDB3F7C4CFD43E5A9865BE9 /* OpenSans_SemiCondensed-Medium.ttf in Resources */ = {isa = PBXBuildFile; fileRef = C8E0B30BE7574A90B4B3EFBB /* OpenSans_SemiCondensed-Medium.ttf */; };
		9A81CEE2DFDA4345A0B7C6FE /* OpenSans_SemiCondensed-MediumItalic.ttf in Resources */ = {isa = PBXBuildFile; fileRef = FDFD7FE04B6B4EE78467CE93 /* OpenSans_SemiCondensed-MediumItalic.ttf */; };
		4825A5817CC34E2BB66AE297 /* OpenSans_SemiCondensed-Regular.ttf in Resources */ = {isa = PBXBuildFile; fileRef = DF30B110FBEC4F02847FE600 /* OpenSans_SemiCondensed-Regular.ttf */; };
		48EA65AD0CAB44B79C7473C1 /* OpenSans_SemiCondensed-SemiBold.ttf in Resources */ = {isa = PBXBuildFile; fileRef = FD0BC96BD22F4445BE97C715 /* OpenSans_SemiCondensed-SemiBold.ttf */; };
		B74676C90DAF4A45A6CB8563 /* OpenSans_SemiCondensed-SemiBoldItalic.ttf in Resources */ = {isa = PBXBuildFile; fileRef = 7DCA1A275A574E9D822E097E /* OpenSans_SemiCondensed-SemiBoldItalic.ttf */; };
		FDE8A8D883B64634916542CA /* PlayfairDisplay-Black.ttf in Resources */ = {isa = PBXBuildFile; fileRef = 5B5AEF487946457F8F535BD9 /* PlayfairDisplay-Black.ttf */; };
		3820D2DF7CA2402D9EEE5C47 /* PlayfairDisplay-BlackItalic.ttf in Resources */ = {isa = PBXBuildFile; fileRef = 8A55346F078F42DFA79F4640 /* PlayfairDisplay-BlackItalic.ttf */; };
		CE50597711DD48F7A907841E /* PlayfairDisplay-Bold.ttf in Resources */ = {isa = PBXBuildFile; fileRef = 7FAA9A98133A4A4DB804CFDA /* PlayfairDisplay-Bold.ttf */; };
		647D48F24496471B94EC6B2E /* PlayfairDisplay-BoldItalic.ttf in Resources */ = {isa = PBXBuildFile; fileRef = 43D922FBA51C45FE9B5FE109 /* PlayfairDisplay-BoldItalic.ttf */; };
		4A122D29EDA844129035F551 /* PlayfairDisplay-ExtraBold.ttf in Resources */ = {isa = PBXBuildFile; fileRef = 961B446357B84DE4AF5CBB9A /* PlayfairDisplay-ExtraBold.ttf */; };
		C0F62E00DF07457A9916DC4F /* PlayfairDisplay-ExtraBoldItalic.ttf in Resources */ = {isa = PBXBuildFile; fileRef = EF727F6F275D4CBE89BBF021 /* PlayfairDisplay-ExtraBoldItalic.ttf */; };
		76496F289E314AB6993FB80C /* PlayfairDisplay-Italic.ttf in Resources */ = {isa = PBXBuildFile; fileRef = 31CEB94CBBF24F45B99480E5 /* PlayfairDisplay-Italic.ttf */; };
		6F0AE776D0BB4B7DB2BC5137 /* PlayfairDisplay-Medium.ttf in Resources */ = {isa = PBXBuildFile; fileRef = 4BB8FC565AB44FEB80441E41 /* PlayfairDisplay-Medium.ttf */; };
		1C9F5CBDBA554F679FF7B0B2 /* PlayfairDisplay-MediumItalic.ttf in Resources */ = {isa = PBXBuildFile; fileRef = 43D65868D0874D5F91336487 /* PlayfairDisplay-MediumItalic.ttf */; };
		CD6A650D18E940A78E588308 /* PlayfairDisplay-Regular.ttf in Resources */ = {isa = PBXBuildFile; fileRef = 90B5FFB154334EAF902F3BDE /* PlayfairDisplay-Regular.ttf */; };
		D1F41AAE4ECD4568AD0C1009 /* PlayfairDisplay-SemiBold.ttf in Resources */ = {isa = PBXBuildFile; fileRef = 3304A6DEFB7549308C2142EF /* PlayfairDisplay-SemiBold.ttf */; };
		8418083FFC604D20AA106472 /* PlayfairDisplay-SemiBoldItalic.ttf in Resources */ = {isa = PBXBuildFile; fileRef = 5D3F0165559B4F23BA32B9CD /* PlayfairDisplay-SemiBoldItalic.ttf */; };
		9311F456583448719BC35104 /* PlayfairDisplaySC-Black.ttf in Resources */ = {isa = PBXBuildFile; fileRef = 0B24701FD73B4A8CB00B26CC /* PlayfairDisplaySC-Black.ttf */; };
		4B6010307CA245CC9AED2964 /* PlayfairDisplaySC-BlackItalic.ttf in Resources */ = {isa = PBXBuildFile; fileRef = A4238EBA2AF44D1EB1D1E793 /* PlayfairDisplaySC-BlackItalic.ttf */; };
		D360EBFAE5134037B55DE8C2 /* PlayfairDisplaySC-Bold.ttf in Resources */ = {isa = PBXBuildFile; fileRef = 7BC9483019EB49C693AA9156 /* PlayfairDisplaySC-Bold.ttf */; };
		1FB02EB39A5B435BBFA07248 /* PlayfairDisplaySC-BoldItalic.ttf in Resources */ = {isa = PBXBuildFile; fileRef = 72DE40762EF946FA885D2462 /* PlayfairDisplaySC-BoldItalic.ttf */; };
		91F09B7E2CE040C3A45296A8 /* PlayfairDisplaySC-Italic.ttf in Resources */ = {isa = PBXBuildFile; fileRef = F7ACA4C4EA5141ADAF2D7462 /* PlayfairDisplaySC-Italic.ttf */; };
		D82B491DE38C459DA275B55E /* PlayfairDisplaySC-Regular.ttf in Resources */ = {isa = PBXBuildFile; fileRef = CB4C3510070944B8B085D82F /* PlayfairDisplaySC-Regular.ttf */; };
		D54074851E5D4FC084222734 /* Raleway-Black.ttf in Resources */ = {isa = PBXBuildFile; fileRef = 9535AA461AE94333819E41AF /* Raleway-Black.ttf */; };
		16484D8C0AD34B5299E09C2B /* Raleway-BlackItalic.ttf in Resources */ = {isa = PBXBuildFile; fileRef = 2D2D6F3F86644F22A589C4BD /* Raleway-BlackItalic.ttf */; };
		3BC607FAB6B94AB08F928723 /* Raleway-Bold.ttf in Resources */ = {isa = PBXBuildFile; fileRef = C4B89D8F07C54364A7834E47 /* Raleway-Bold.ttf */; };
		C0D7703420E3473C97E05FED /* Raleway-BoldItalic.ttf in Resources */ = {isa = PBXBuildFile; fileRef = 995042D433AE4AC08B4A7B4C /* Raleway-BoldItalic.ttf */; };
		F6AA0D0EE0E64FEB9F7B308D /* Raleway-ExtraBold.ttf in Resources */ = {isa = PBXBuildFile; fileRef = E70062CECA944BF6B2CB5A8C /* Raleway-ExtraBold.ttf */; };
		63EDE883A03742DBBD71D575 /* Raleway-ExtraBoldItalic.ttf in Resources */ = {isa = PBXBuildFile; fileRef = E100678585A140FBBF21E235 /* Raleway-ExtraBoldItalic.ttf */; };
		C10200DC93F5498FB45980E4 /* Raleway-ExtraLight.ttf in Resources */ = {isa = PBXBuildFile; fileRef = 1BCC15C685AB4C8C81523C41 /* Raleway-ExtraLight.ttf */; };
		BD5F7868D2E44A4A8C8254A2 /* Raleway-ExtraLightItalic.ttf in Resources */ = {isa = PBXBuildFile; fileRef = 8247F82EE3084A47A55A4AB7 /* Raleway-ExtraLightItalic.ttf */; };
		5F6B20CA2D234883B906EEA2 /* Raleway-Italic.ttf in Resources */ = {isa = PBXBuildFile; fileRef = C8F84D12A408431CBE7BC353 /* Raleway-Italic.ttf */; };
		FD0EA98F976F4345B8E4B56F /* Raleway-Light.ttf in Resources */ = {isa = PBXBuildFile; fileRef = 2A5B6EE6CC61440FB96741B4 /* Raleway-Light.ttf */; };
		4A37E7EE65B245038C7F022D /* Raleway-LightItalic.ttf in Resources */ = {isa = PBXBuildFile; fileRef = E1BA8C3847624531972F5A43 /* Raleway-LightItalic.ttf */; };
		9FD11F88F1D646F68210E9AB /* Raleway-Medium.ttf in Resources */ = {isa = PBXBuildFile; fileRef = B8800321C9004C6590ECC5AD /* Raleway-Medium.ttf */; };
		B3F4322C889741AC85ADDE6C /* Raleway-MediumItalic.ttf in Resources */ = {isa = PBXBuildFile; fileRef = ED2866BE77D440F094538000 /* Raleway-MediumItalic.ttf */; };
		E23DA8A265FB43DF9DE7104B /* Raleway-Regular.ttf in Resources */ = {isa = PBXBuildFile; fileRef = A1DC424BF7284575B821CD60 /* Raleway-Regular.ttf */; };
		80F4A9497091404FA0AF0837 /* Raleway-SemiBold.ttf in Resources */ = {isa = PBXBuildFile; fileRef = 69CD31B24ADA42359BC7BD63 /* Raleway-SemiBold.ttf */; };
		6C1192F1323E4B1A936B136C /* Raleway-SemiBoldItalic.ttf in Resources */ = {isa = PBXBuildFile; fileRef = A3F873540D394363995CEDBB /* Raleway-SemiBoldItalic.ttf */; };
		BF0DA02DB8744DF09B6CC70C /* Raleway-Thin.ttf in Resources */ = {isa = PBXBuildFile; fileRef = 1F94CE3B34F84DE5BF06A1AB /* Raleway-Thin.ttf */; };
		D5C2F84FD0444256A37F6DC0 /* Raleway-ThinItalic.ttf in Resources */ = {isa = PBXBuildFile; fileRef = 325084AC301E4092A6DC8B6A /* Raleway-ThinItalic.ttf */; };
		A06A2AD9D4424303A3267BD4 /* Spinnaker-Regular.ttf in Resources */ = {isa = PBXBuildFile; fileRef = D3B9438846004E4395AB38F9 /* Spinnaker-Regular.ttf */; };
		22854BECD95641EBB6754804 /* Poppins-Black.ttf in Resources */ = {isa = PBXBuildFile; fileRef = B258039751BC426998FEB33A /* Poppins-Black.ttf */; };
		1BF27FD10F9E4A6BA2F4DE28 /* Poppins-BlackItalic.ttf in Resources */ = {isa = PBXBuildFile; fileRef = C3D961AAC00B4D9B9051A1E3 /* Poppins-BlackItalic.ttf */; };
		C15027C5183844E8AC665A44 /* Poppins-Bold.ttf in Resources */ = {isa = PBXBuildFile; fileRef = 8BD5D3C2EA5D476D964AFB5B /* Poppins-Bold.ttf */; };
		4902A4694FA045E5AB62FAA6 /* Poppins-BoldItalic.ttf in Resources */ = {isa = PBXBuildFile; fileRef = 2FDC2F46E3B249EBBFC3DB5E /* Poppins-BoldItalic.ttf */; };
		D59E7BA3BAE84F28833A401F /* Poppins-ExtraBold.ttf in Resources */ = {isa = PBXBuildFile; fileRef = D5B1A303EBDC4C36AE9B5FCA /* Poppins-ExtraBold.ttf */; };
		3BD8C28789D240FBA523C4FE /* Poppins-ExtraBoldItalic.ttf in Resources */ = {isa = PBXBuildFile; fileRef = 68ABDA0CA729408BA2850F6B /* Poppins-ExtraBoldItalic.ttf */; };
		EEB8E3888FF14C789B360A10 /* Poppins-ExtraLight.ttf in Resources */ = {isa = PBXBuildFile; fileRef = 6FE67D0782FD4963B6D9CC2B /* Poppins-ExtraLight.ttf */; };
		4440F52284794FA9A9E64706 /* Poppins-ExtraLightItalic.ttf in Resources */ = {isa = PBXBuildFile; fileRef = 8000974351E7409598AC4AA7 /* Poppins-ExtraLightItalic.ttf */; };
		F1E643FB2C6E471D82918596 /* Poppins-Italic.ttf in Resources */ = {isa = PBXBuildFile; fileRef = 14FCA3C696F342719A535DF4 /* Poppins-Italic.ttf */; };
		CCE00CB9B9A949F6B2263EC1 /* Poppins-Light.ttf in Resources */ = {isa = PBXBuildFile; fileRef = 68C785D9771348FDAF9388B2 /* Poppins-Light.ttf */; };
		B8BDD1DE1C4845C78344A52A /* Poppins-LightItalic.ttf in Resources */ = {isa = PBXBuildFile; fileRef = 46062F4199CD4C809BAE2DB5 /* Poppins-LightItalic.ttf */; };
		98AFCE735C234A20B3B0420F /* Poppins-Medium.ttf in Resources */ = {isa = PBXBuildFile; fileRef = 1BF3AB81C6DE4D2A979D9FC4 /* Poppins-Medium.ttf */; };
		C2A146D98200417781500132 /* Poppins-MediumItalic.ttf in Resources */ = {isa = PBXBuildFile; fileRef = A9E43115D90149418C8EAD42 /* Poppins-MediumItalic.ttf */; };
		1847EF5097CC415D93D0396A /* Poppins-Regular.ttf in Resources */ = {isa = PBXBuildFile; fileRef = 251FAB22A6414563BF57F110 /* Poppins-Regular.ttf */; };
		5AC1A65090394574893A9D6A /* Poppins-SemiBold.ttf in Resources */ = {isa = PBXBuildFile; fileRef = F8C0017FADE34B6080547AB3 /* Poppins-SemiBold.ttf */; };
		4AC7EB826C9846519CDABED9 /* Poppins-SemiBoldItalic.ttf in Resources */ = {isa = PBXBuildFile; fileRef = 31E674E7AC4F44BD811E0967 /* Poppins-SemiBoldItalic.ttf */; };
		B4696AE246F24FC392C76483 /* Poppins-Thin.ttf in Resources */ = {isa = PBXBuildFile; fileRef = BA8281720D0C479099F77609 /* Poppins-Thin.ttf */; };
		AD422B87E9DD4F5BA2045763 /* Poppins-ThinItalic.ttf in Resources */ = {isa = PBXBuildFile; fileRef = 8C1113A2553E47A1A592B6AB /* Poppins-ThinItalic.ttf */; };
		A6B5D23923684EAF8435054B /* OFL.txt in Resources */ = {isa = PBXBuildFile; fileRef = 9E8EFCA628CA468189818FDA /* OFL.txt */; };
/* End PBXBuildFile section */

/* Begin PBXContainerItemProxy section */
		00E356F41AD99517003FC87E /* PBXContainerItemProxy */ = {
			isa = PBXContainerItemProxy;
			containerPortal = 83CBB9F71A601CBA00E9B192 /* Project object */;
			proxyType = 1;
			remoteGlobalIDString = 13B07F861A680F5B00A75B9A;
			remoteInfo = MyTask;
		};
/* End PBXContainerItemProxy section */

/* Begin PBXFileReference section */
		00E356F11AD99517003FC87E /* Info.plist */ = {isa = PBXFileReference; lastKnownFileType = text.plist.xml; path = Info.plist; sourceTree = "<group>"; };
		13B07F961A680F5B00A75B9A /* MyTask.app */ = {isa = PBXFileReference; explicitFileType = wrapper.application; includeInIndex = 0; path = MyTask.app; sourceTree = BUILT_PRODUCTS_DIR; };
		13B07FB51A68108700A75B9A /* Images.xcassets */ = {isa = PBXFileReference; lastKnownFileType = folder.assetcatalog; name = Images.xcassets; path = MyTask/Images.xcassets; sourceTree = "<group>"; };
		13B07FB61A68108700A75B9A /* Info.plist */ = {isa = PBXFileReference; fileEncoding = 4; lastKnownFileType = text.plist.xml; name = Info.plist; path = MyTask/Info.plist; sourceTree = "<group>"; };
		13B07FB81A68108700A75B9A /* PrivacyInfo.xcprivacy */ = {isa = PBXFileReference; fileEncoding = 4; lastKnownFileType = text.plist.xml; name = PrivacyInfo.xcprivacy; path = MyTask/PrivacyInfo.xcprivacy; sourceTree = "<group>"; };
		3B4392A12AC88292D35C810B /* Pods-MyTask.debug.xcconfig */ = {isa = PBXFileReference; includeInIndex = 1; lastKnownFileType = text.xcconfig; name = "Pods-MyTask.debug.xcconfig"; path = "Target Support Files/Pods-MyTask/Pods-MyTask.debug.xcconfig"; sourceTree = "<group>"; };
		5709B34CF0A7D63546082F79 /* Pods-MyTask.release.xcconfig */ = {isa = PBXFileReference; includeInIndex = 1; lastKnownFileType = text.xcconfig; name = "Pods-MyTask.release.xcconfig"; path = "Target Support Files/Pods-MyTask/Pods-MyTask.release.xcconfig"; sourceTree = "<group>"; };
		5DCACB8F33CDC322A6C60F78 /* libPods-MyTask.a */ = {isa = PBXFileReference; explicitFileType = archive.ar; includeInIndex = 0; path = "libPods-MyTask.a"; sourceTree = BUILT_PRODUCTS_DIR; };
		761780EC2CA45674006654EE /* AppDelegate.swift */ = {isa = PBXFileReference; lastKnownFileType = sourcecode.swift; name = AppDelegate.swift; path = MyTask/AppDelegate.swift; sourceTree = "<group>"; };
		81AB9BB72411601600AC10FF /* LaunchScreen.storyboard */ = {isa = PBXFileReference; fileEncoding = 4; lastKnownFileType = file.storyboard; name = LaunchScreen.storyboard; path = MyTask/LaunchScreen.storyboard; sourceTree = "<group>"; };
		ED297162215061F000B7C4FE /* JavaScriptCore.framework */ = {isa = PBXFileReference; lastKnownFileType = wrapper.framework; name = JavaScriptCore.framework; path = System/Library/Frameworks/JavaScriptCore.framework; sourceTree = SDKROOT; };
		663BC4E9697443148648AD7A /* OpenSans_Condensed-Bold.ttf */ = {isa = PBXFileReference; name = "OpenSans_Condensed-Bold.ttf"; path = "../src/assets/fonts/OpenSans_Condensed-Bold.ttf"; sourceTree = "<group>"; fileEncoding = undefined; lastKnownFileType = unknown; explicitFileType = undefined; includeInIndex = 0; };
		6774290B18ED4E3D993CF60B /* OpenSans-Bold.ttf */ = {isa = PBXFileReference; name = "OpenSans-Bold.ttf"; path = "../src/assets/fonts/OpenSans-Bold.ttf"; sourceTree = "<group>"; fileEncoding = undefined; lastKnownFileType = unknown; explicitFileType = undefined; includeInIndex = 0; };
		892DDDC4E88B47D38690C057 /* OpenSans-BoldItalic.ttf */ = {isa = PBXFileReference; name = "OpenSans-BoldItalic.ttf"; path = "../src/assets/fonts/OpenSans-BoldItalic.ttf"; sourceTree = "<group>"; fileEncoding = undefined; lastKnownFileType = unknown; explicitFileType = undefined; includeInIndex = 0; };
		975C79179AAB4F8BA1BD343B /* OpenSans-ExtraBold.ttf */ = {isa = PBXFileReference; name = "OpenSans-ExtraBold.ttf"; path = "../src/assets/fonts/OpenSans-ExtraBold.ttf"; sourceTree = "<group>"; fileEncoding = undefined; lastKnownFileType = unknown; explicitFileType = undefined; includeInIndex = 0; };
		34CFC49ADD7F4227A638830E /* OpenSans-ExtraBoldItalic.ttf */ = {isa = PBXFileReference; name = "OpenSans-ExtraBoldItalic.ttf"; path = "../src/assets/fonts/OpenSans-ExtraBoldItalic.ttf"; sourceTree = "<group>"; fileEncoding = undefined; lastKnownFileType = unknown; explicitFileType = undefined; includeInIndex = 0; };
		5B361EA0570D4B5282D43781 /* OpenSans-Italic.ttf */ = {isa = PBXFileReference; name = "OpenSans-Italic.ttf"; path = "../src/assets/fonts/OpenSans-Italic.ttf"; sourceTree = "<group>"; fileEncoding = undefined; lastKnownFileType = unknown; explicitFileType = undefined; includeInIndex = 0; };
		2788D8C300CC4653B38DF2F1 /* OpenSans-Light.ttf */ = {isa = PBXFileReference; name = "OpenSans-Light.ttf"; path = "../src/assets/fonts/OpenSans-Light.ttf"; sourceTree = "<group>"; fileEncoding = undefined; lastKnownFileType = unknown; explicitFileType = undefined; includeInIndex = 0; };
		D3A34CE0D9B64A6F94AB649C /* OpenSans-LightItalic.ttf */ = {isa = PBXFileReference; name = "OpenSans-LightItalic.ttf"; path = "../src/assets/fonts/OpenSans-LightItalic.ttf"; sourceTree = "<group>"; fileEncoding = undefined; lastKnownFileType = unknown; explicitFileType = undefined; includeInIndex = 0; };
		49098D8AE675478CA5D15C39 /* OpenSans-Medium.ttf */ = {isa = PBXFileReference; name = "OpenSans-Medium.ttf"; path = "../src/assets/fonts/OpenSans-Medium.ttf"; sourceTree = "<group>"; fileEncoding = undefined; lastKnownFileType = unknown; explicitFileType = undefined; includeInIndex = 0; };
		FCDF224B850348CC928417E5 /* OpenSans-MediumItalic.ttf */ = {isa = PBXFileReference; name = "OpenSans-MediumItalic.ttf"; path = "../src/assets/fonts/OpenSans-MediumItalic.ttf"; sourceTree = "<group>"; fileEncoding = undefined; lastKnownFileType = unknown; explicitFileType = undefined; includeInIndex = 0; };
		1DCA5A2023104C4C971A4330 /* OpenSans-Regular.ttf */ = {isa = PBXFileReference; name = "OpenSans-Regular.ttf"; path = "../src/assets/fonts/OpenSans-Regular.ttf"; sourceTree = "<group>"; fileEncoding = undefined; lastKnownFileType = unknown; explicitFileType = undefined; includeInIndex = 0; };
		1470AE8063D147D1959321FC /* OpenSans-SemiBold.ttf */ = {isa = PBXFileReference; name = "OpenSans-SemiBold.ttf"; path = "../src/assets/fonts/OpenSans-SemiBold.ttf"; sourceTree = "<group>"; fileEncoding = undefined; lastKnownFileType = unknown; explicitFileType = undefined; includeInIndex = 0; };
		819C8F9F8691491CB520A027 /* OpenSans-SemiBoldItalic.ttf */ = {isa = PBXFileReference; name = "OpenSans-SemiBoldItalic.ttf"; path = "../src/assets/fonts/OpenSans-SemiBoldItalic.ttf"; sourceTree = "<group>"; fileEncoding = undefined; lastKnownFileType = unknown; explicitFileType = undefined; includeInIndex = 0; };
		C11F4D5FEC21432F92AE385D /* OpenSans_Condensed-BoldItalic.ttf */ = {isa = PBXFileReference; name = "OpenSans_Condensed-BoldItalic.ttf"; path = "../src/assets/fonts/OpenSans_Condensed-BoldItalic.ttf"; sourceTree = "<group>"; fileEncoding = undefined; lastKnownFileType = unknown; explicitFileType = undefined; includeInIndex = 0; };
		45767E519FFE41819C7BB0AE /* OpenSans_Condensed-ExtraBold.ttf */ = {isa = PBXFileReference; name = "OpenSans_Condensed-ExtraBold.ttf"; path = "../src/assets/fonts/OpenSans_Condensed-ExtraBold.ttf"; sourceTree = "<group>"; fileEncoding = undefined; lastKnownFileType = unknown; explicitFileType = undefined; includeInIndex = 0; };
		48EF5655F16A4C8FA8007EFB /* OpenSans_Condensed-ExtraBoldItalic.ttf */ = {isa = PBXFileReference; name = "OpenSans_Condensed-ExtraBoldItalic.ttf"; path = "../src/assets/fonts/OpenSans_Condensed-ExtraBoldItalic.ttf"; sourceTree = "<group>"; fileEncoding = undefined; lastKnownFileType = unknown; explicitFileType = undefined; includeInIndex = 0; };
		0173957232964213B6EA98C9 /* OpenSans_Condensed-Italic.ttf */ = {isa = PBXFileReference; name = "OpenSans_Condensed-Italic.ttf"; path = "../src/assets/fonts/OpenSans_Condensed-Italic.ttf"; sourceTree = "<group>"; fileEncoding = undefined; lastKnownFileType = unknown; explicitFileType = undefined; includeInIndex = 0; };
		3680AE2D08664F4986715A7A /* OpenSans_Condensed-Light.ttf */ = {isa = PBXFileReference; name = "OpenSans_Condensed-Light.ttf"; path = "../src/assets/fonts/OpenSans_Condensed-Light.ttf"; sourceTree = "<group>"; fileEncoding = undefined; lastKnownFileType = unknown; explicitFileType = undefined; includeInIndex = 0; };
		D912C0B126E04782A6BF0C72 /* OpenSans_Condensed-LightItalic.ttf */ = {isa = PBXFileReference; name = "OpenSans_Condensed-LightItalic.ttf"; path = "../src/assets/fonts/OpenSans_Condensed-LightItalic.ttf"; sourceTree = "<group>"; fileEncoding = undefined; lastKnownFileType = unknown; explicitFileType = undefined; includeInIndex = 0; };
		F4AFB400B4274C4B9E8D4CAE /* OpenSans_Condensed-Medium.ttf */ = {isa = PBXFileReference; name = "OpenSans_Condensed-Medium.ttf"; path = "../src/assets/fonts/OpenSans_Condensed-Medium.ttf"; sourceTree = "<group>"; fileEncoding = undefined; lastKnownFileType = unknown; explicitFileType = undefined; includeInIndex = 0; };
		5A427BB973A44EDBAC88D279 /* OpenSans_Condensed-MediumItalic.ttf */ = {isa = PBXFileReference; name = "OpenSans_Condensed-MediumItalic.ttf"; path = "../src/assets/fonts/OpenSans_Condensed-MediumItalic.ttf"; sourceTree = "<group>"; fileEncoding = undefined; lastKnownFileType = unknown; explicitFileType = undefined; includeInIndex = 0; };
		CC85677F77F2446F9E9DF107 /* OpenSans_Condensed-Regular.ttf */ = {isa = PBXFileReference; name = "OpenSans_Condensed-Regular.ttf"; path = "../src/assets/fonts/OpenSans_Condensed-Regular.ttf"; sourceTree = "<group>"; fileEncoding = undefined; lastKnownFileType = unknown; explicitFileType = undefined; includeInIndex = 0; };
		C301353AE41F4309B1B7799C /* OpenSans_Condensed-SemiBold.ttf */ = {isa = PBXFileReference; name = "OpenSans_Condensed-SemiBold.ttf"; path = "../src/assets/fonts/OpenSans_Condensed-SemiBold.ttf"; sourceTree = "<group>"; fileEncoding = undefined; lastKnownFileType = unknown; explicitFileType = undefined; includeInIndex = 0; };
		DD731CADCD1B4EFEB5897BF5 /* OpenSans_Condensed-SemiBoldItalic.ttf */ = {isa = PBXFileReference; name = "OpenSans_Condensed-SemiBoldItalic.ttf"; path = "../src/assets/fonts/OpenSans_Condensed-SemiBoldItalic.ttf"; sourceTree = "<group>"; fileEncoding = undefined; lastKnownFileType = unknown; explicitFileType = undefined; includeInIndex = 0; };
		3BCB014DDA0746FEAA075FA3 /* OpenSans_SemiCondensed-Bold.ttf */ = {isa = PBXFileReference; name = "OpenSans_SemiCondensed-Bold.ttf"; path = "../src/assets/fonts/OpenSans_SemiCondensed-Bold.ttf"; sourceTree = "<group>"; fileEncoding = undefined; lastKnownFileType = unknown; explicitFileType = undefined; includeInIndex = 0; };
		68792E0C10F54B1AB4E0B478 /* OpenSans_SemiCondensed-BoldItalic.ttf */ = {isa = PBXFileReference; name = "OpenSans_SemiCondensed-BoldItalic.ttf"; path = "../src/assets/fonts/OpenSans_SemiCondensed-BoldItalic.ttf"; sourceTree = "<group>"; fileEncoding = undefined; lastKnownFileType = unknown; explicitFileType = undefined; includeInIndex = 0; };
		B8A20F490BF94EBD82E0F271 /* OpenSans_SemiCondensed-ExtraBold.ttf */ = {isa = PBXFileReference; name = "OpenSans_SemiCondensed-ExtraBold.ttf"; path = "../src/assets/fonts/OpenSans_SemiCondensed-ExtraBold.ttf"; sourceTree = "<group>"; fileEncoding = undefined; lastKnownFileType = unknown; explicitFileType = undefined; includeInIndex = 0; };
		95AB7BCCB4334C77BD3FA9AC /* OpenSans_SemiCondensed-ExtraBoldItalic.ttf */ = {isa = PBXFileReference; name = "OpenSans_SemiCondensed-ExtraBoldItalic.ttf"; path = "../src/assets/fonts/OpenSans_SemiCondensed-ExtraBoldItalic.ttf"; sourceTree = "<group>"; fileEncoding = undefined; lastKnownFileType = unknown; explicitFileType = undefined; includeInIndex = 0; };
		392302913E674A4BB449550C /* OpenSans_SemiCondensed-Italic.ttf */ = {isa = PBXFileReference; name = "OpenSans_SemiCondensed-Italic.ttf"; path = "../src/assets/fonts/OpenSans_SemiCondensed-Italic.ttf"; sourceTree = "<group>"; fileEncoding = undefined; lastKnownFileType = unknown; explicitFileType = undefined; includeInIndex = 0; };
		729A4D16D0D344F48842EC90 /* OpenSans_SemiCondensed-Light.ttf */ = {isa = PBXFileReference; name = "OpenSans_SemiCondensed-Light.ttf"; path = "../src/assets/fonts/OpenSans_SemiCondensed-Light.ttf"; sourceTree = "<group>"; fileEncoding = undefined; lastKnownFileType = unknown; explicitFileType = undefined; includeInIndex = 0; };
		43E35D05025448FC89F72F88 /* OpenSans_SemiCondensed-LightItalic.ttf */ = {isa = PBXFileReference; name = "OpenSans_SemiCondensed-LightItalic.ttf"; path = "../src/assets/fonts/OpenSans_SemiCondensed-LightItalic.ttf"; sourceTree = "<group>"; fileEncoding = undefined; lastKnownFileType = unknown; explicitFileType = undefined; includeInIndex = 0; };
		C8E0B30BE7574A90B4B3EFBB /* OpenSans_SemiCondensed-Medium.ttf */ = {isa = PBXFileReference; name = "OpenSans_SemiCondensed-Medium.ttf"; path = "../src/assets/fonts/OpenSans_SemiCondensed-Medium.ttf"; sourceTree = "<group>"; fileEncoding = undefined; lastKnownFileType = unknown; explicitFileType = undefined; includeInIndex = 0; };
		FDFD7FE04B6B4EE78467CE93 /* OpenSans_SemiCondensed-MediumItalic.ttf */ = {isa = PBXFileReference; name = "OpenSans_SemiCondensed-MediumItalic.ttf"; path = "../src/assets/fonts/OpenSans_SemiCondensed-MediumItalic.ttf"; sourceTree = "<group>"; fileEncoding = undefined; lastKnownFileType = unknown; explicitFileType = undefined; includeInIndex = 0; };
		DF30B110FBEC4F02847FE600 /* OpenSans_SemiCondensed-Regular.ttf */ = {isa = PBXFileReference; name = "OpenSans_SemiCondensed-Regular.ttf"; path = "../src/assets/fonts/OpenSans_SemiCondensed-Regular.ttf"; sourceTree = "<group>"; fileEncoding = undefined; lastKnownFileType = unknown; explicitFileType = undefined; includeInIndex = 0; };
		FD0BC96BD22F4445BE97C715 /* OpenSans_SemiCondensed-SemiBold.ttf */ = {isa = PBXFileReference; name = "OpenSans_SemiCondensed-SemiBold.ttf"; path = "../src/assets/fonts/OpenSans_SemiCondensed-SemiBold.ttf"; sourceTree = "<group>"; fileEncoding = undefined; lastKnownFileType = unknown; explicitFileType = undefined; includeInIndex = 0; };
		7DCA1A275A574E9D822E097E /* OpenSans_SemiCondensed-SemiBoldItalic.ttf */ = {isa = PBXFileReference; name = "OpenSans_SemiCondensed-SemiBoldItalic.ttf"; path = "../src/assets/fonts/OpenSans_SemiCondensed-SemiBoldItalic.ttf"; sourceTree = "<group>"; fileEncoding = undefined; lastKnownFileType = unknown; explicitFileType = undefined; includeInIndex = 0; };
		5B5AEF487946457F8F535BD9 /* PlayfairDisplay-Black.ttf */ = {isa = PBXFileReference; name = "PlayfairDisplay-Black.ttf"; path = "../src/assets/fonts/PlayfairDisplay-Black.ttf"; sourceTree = "<group>"; fileEncoding = undefined; lastKnownFileType = unknown; explicitFileType = undefined; includeInIndex = 0; };
		8A55346F078F42DFA79F4640 /* PlayfairDisplay-BlackItalic.ttf */ = {isa = PBXFileReference; name = "PlayfairDisplay-BlackItalic.ttf"; path = "../src/assets/fonts/PlayfairDisplay-BlackItalic.ttf"; sourceTree = "<group>"; fileEncoding = undefined; lastKnownFileType = unknown; explicitFileType = undefined; includeInIndex = 0; };
		7FAA9A98133A4A4DB804CFDA /* PlayfairDisplay-Bold.ttf */ = {isa = PBXFileReference; name = "PlayfairDisplay-Bold.ttf"; path = "../src/assets/fonts/PlayfairDisplay-Bold.ttf"; sourceTree = "<group>"; fileEncoding = undefined; lastKnownFileType = unknown; explicitFileType = undefined; includeInIndex = 0; };
		43D922FBA51C45FE9B5FE109 /* PlayfairDisplay-BoldItalic.ttf */ = {isa = PBXFileReference; name = "PlayfairDisplay-BoldItalic.ttf"; path = "../src/assets/fonts/PlayfairDisplay-BoldItalic.ttf"; sourceTree = "<group>"; fileEncoding = undefined; lastKnownFileType = unknown; explicitFileType = undefined; includeInIndex = 0; };
		961B446357B84DE4AF5CBB9A /* PlayfairDisplay-ExtraBold.ttf */ = {isa = PBXFileReference; name = "PlayfairDisplay-ExtraBold.ttf"; path = "../src/assets/fonts/PlayfairDisplay-ExtraBold.ttf"; sourceTree = "<group>"; fileEncoding = undefined; lastKnownFileType = unknown; explicitFileType = undefined; includeInIndex = 0; };
		EF727F6F275D4CBE89BBF021 /* PlayfairDisplay-ExtraBoldItalic.ttf */ = {isa = PBXFileReference; name = "PlayfairDisplay-ExtraBoldItalic.ttf"; path = "../src/assets/fonts/PlayfairDisplay-ExtraBoldItalic.ttf"; sourceTree = "<group>"; fileEncoding = undefined; lastKnownFileType = unknown; explicitFileType = undefined; includeInIndex = 0; };
		31CEB94CBBF24F45B99480E5 /* PlayfairDisplay-Italic.ttf */ = {isa = PBXFileReference; name = "PlayfairDisplay-Italic.ttf"; path = "../src/assets/fonts/PlayfairDisplay-Italic.ttf"; sourceTree = "<group>"; fileEncoding = undefined; lastKnownFileType = unknown; explicitFileType = undefined; includeInIndex = 0; };
		4BB8FC565AB44FEB80441E41 /* PlayfairDisplay-Medium.ttf */ = {isa = PBXFileReference; name = "PlayfairDisplay-Medium.ttf"; path = "../src/assets/fonts/PlayfairDisplay-Medium.ttf"; sourceTree = "<group>"; fileEncoding = undefined; lastKnownFileType = unknown; explicitFileType = undefined; includeInIndex = 0; };
		43D65868D0874D5F91336487 /* PlayfairDisplay-MediumItalic.ttf */ = {isa = PBXFileReference; name = "PlayfairDisplay-MediumItalic.ttf"; path = "../src/assets/fonts/PlayfairDisplay-MediumItalic.ttf"; sourceTree = "<group>"; fileEncoding = undefined; lastKnownFileType = unknown; explicitFileType = undefined; includeInIndex = 0; };
		90B5FFB154334EAF902F3BDE /* PlayfairDisplay-Regular.ttf */ = {isa = PBXFileReference; name = "PlayfairDisplay-Regular.ttf"; path = "../src/assets/fonts/PlayfairDisplay-Regular.ttf"; sourceTree = "<group>"; fileEncoding = undefined; lastKnownFileType = unknown; explicitFileType = undefined; includeInIndex = 0; };
		3304A6DEFB7549308C2142EF /* PlayfairDisplay-SemiBold.ttf */ = {isa = PBXFileReference; name = "PlayfairDisplay-SemiBold.ttf"; path = "../src/assets/fonts/PlayfairDisplay-SemiBold.ttf"; sourceTree = "<group>"; fileEncoding = undefined; lastKnownFileType = unknown; explicitFileType = undefined; includeInIndex = 0; };
		5D3F0165559B4F23BA32B9CD /* PlayfairDisplay-SemiBoldItalic.ttf */ = {isa = PBXFileReference; name = "PlayfairDisplay-SemiBoldItalic.ttf"; path = "../src/assets/fonts/PlayfairDisplay-SemiBoldItalic.ttf"; sourceTree = "<group>"; fileEncoding = undefined; lastKnownFileType = unknown; explicitFileType = undefined; includeInIndex = 0; };
		0B24701FD73B4A8CB00B26CC /* PlayfairDisplaySC-Black.ttf */ = {isa = PBXFileReference; name = "PlayfairDisplaySC-Black.ttf"; path = "../src/assets/fonts/PlayfairDisplaySC-Black.ttf"; sourceTree = "<group>"; fileEncoding = undefined; lastKnownFileType = unknown; explicitFileType = undefined; includeInIndex = 0; };
		A4238EBA2AF44D1EB1D1E793 /* PlayfairDisplaySC-BlackItalic.ttf */ = {isa = PBXFileReference; name = "PlayfairDisplaySC-BlackItalic.ttf"; path = "../src/assets/fonts/PlayfairDisplaySC-BlackItalic.ttf"; sourceTree = "<group>"; fileEncoding = undefined; lastKnownFileType = unknown; explicitFileType = undefined; includeInIndex = 0; };
		7BC9483019EB49C693AA9156 /* PlayfairDisplaySC-Bold.ttf */ = {isa = PBXFileReference; name = "PlayfairDisplaySC-Bold.ttf"; path = "../src/assets/fonts/PlayfairDisplaySC-Bold.ttf"; sourceTree = "<group>"; fileEncoding = undefined; lastKnownFileType = unknown; explicitFileType = undefined; includeInIndex = 0; };
		72DE40762EF946FA885D2462 /* PlayfairDisplaySC-BoldItalic.ttf */ = {isa = PBXFileReference; name = "PlayfairDisplaySC-BoldItalic.ttf"; path = "../src/assets/fonts/PlayfairDisplaySC-BoldItalic.ttf"; sourceTree = "<group>"; fileEncoding = undefined; lastKnownFileType = unknown; explicitFileType = undefined; includeInIndex = 0; };
		F7ACA4C4EA5141ADAF2D7462 /* PlayfairDisplaySC-Italic.ttf */ = {isa = PBXFileReference; name = "PlayfairDisplaySC-Italic.ttf"; path = "../src/assets/fonts/PlayfairDisplaySC-Italic.ttf"; sourceTree = "<group>"; fileEncoding = undefined; lastKnownFileType = unknown; explicitFileType = undefined; includeInIndex = 0; };
		CB4C3510070944B8B085D82F /* PlayfairDisplaySC-Regular.ttf */ = {isa = PBXFileReference; name = "PlayfairDisplaySC-Regular.ttf"; path = "../src/assets/fonts/PlayfairDisplaySC-Regular.ttf"; sourceTree = "<group>"; fileEncoding = undefined; lastKnownFileType = unknown; explicitFileType = undefined; includeInIndex = 0; };
		9535AA461AE94333819E41AF /* Raleway-Black.ttf */ = {isa = PBXFileReference; name = "Raleway-Black.ttf"; path = "../src/assets/fonts/Raleway-Black.ttf"; sourceTree = "<group>"; fileEncoding = undefined; lastKnownFileType = unknown; explicitFileType = undefined; includeInIndex = 0; };
		2D2D6F3F86644F22A589C4BD /* Raleway-BlackItalic.ttf */ = {isa = PBXFileReference; name = "Raleway-BlackItalic.ttf"; path = "../src/assets/fonts/Raleway-BlackItalic.ttf"; sourceTree = "<group>"; fileEncoding = undefined; lastKnownFileType = unknown; explicitFileType = undefined; includeInIndex = 0; };
		C4B89D8F07C54364A7834E47 /* Raleway-Bold.ttf */ = {isa = PBXFileReference; name = "Raleway-Bold.ttf"; path = "../src/assets/fonts/Raleway-Bold.ttf"; sourceTree = "<group>"; fileEncoding = undefined; lastKnownFileType = unknown; explicitFileType = undefined; includeInIndex = 0; };
		995042D433AE4AC08B4A7B4C /* Raleway-BoldItalic.ttf */ = {isa = PBXFileReference; name = "Raleway-BoldItalic.ttf"; path = "../src/assets/fonts/Raleway-BoldItalic.ttf"; sourceTree = "<group>"; fileEncoding = undefined; lastKnownFileType = unknown; explicitFileType = undefined; includeInIndex = 0; };
		E70062CECA944BF6B2CB5A8C /* Raleway-ExtraBold.ttf */ = {isa = PBXFileReference; name = "Raleway-ExtraBold.ttf"; path = "../src/assets/fonts/Raleway-ExtraBold.ttf"; sourceTree = "<group>"; fileEncoding = undefined; lastKnownFileType = unknown; explicitFileType = undefined; includeInIndex = 0; };
		E100678585A140FBBF21E235 /* Raleway-ExtraBoldItalic.ttf */ = {isa = PBXFileReference; name = "Raleway-ExtraBoldItalic.ttf"; path = "../src/assets/fonts/Raleway-ExtraBoldItalic.ttf"; sourceTree = "<group>"; fileEncoding = undefined; lastKnownFileType = unknown; explicitFileType = undefined; includeInIndex = 0; };
		1BCC15C685AB4C8C81523C41 /* Raleway-ExtraLight.ttf */ = {isa = PBXFileReference; name = "Raleway-ExtraLight.ttf"; path = "../src/assets/fonts/Raleway-ExtraLight.ttf"; sourceTree = "<group>"; fileEncoding = undefined; lastKnownFileType = unknown; explicitFileType = undefined; includeInIndex = 0; };
		8247F82EE3084A47A55A4AB7 /* Raleway-ExtraLightItalic.ttf */ = {isa = PBXFileReference; name = "Raleway-ExtraLightItalic.ttf"; path = "../src/assets/fonts/Raleway-ExtraLightItalic.ttf"; sourceTree = "<group>"; fileEncoding = undefined; lastKnownFileType = unknown; explicitFileType = undefined; includeInIndex = 0; };
		C8F84D12A408431CBE7BC353 /* Raleway-Italic.ttf */ = {isa = PBXFileReference; name = "Raleway-Italic.ttf"; path = "../src/assets/fonts/Raleway-Italic.ttf"; sourceTree = "<group>"; fileEncoding = undefined; lastKnownFileType = unknown; explicitFileType = undefined; includeInIndex = 0; };
		2A5B6EE6CC61440FB96741B4 /* Raleway-Light.ttf */ = {isa = PBXFileReference; name = "Raleway-Light.ttf"; path = "../src/assets/fonts/Raleway-Light.ttf"; sourceTree = "<group>"; fileEncoding = undefined; lastKnownFileType = unknown; explicitFileType = undefined; includeInIndex = 0; };
		E1BA8C3847624531972F5A43 /* Raleway-LightItalic.ttf */ = {isa = PBXFileReference; name = "Raleway-LightItalic.ttf"; path = "../src/assets/fonts/Raleway-LightItalic.ttf"; sourceTree = "<group>"; fileEncoding = undefined; lastKnownFileType = unknown; explicitFileType = undefined; includeInIndex = 0; };
		B8800321C9004C6590ECC5AD /* Raleway-Medium.ttf */ = {isa = PBXFileReference; name = "Raleway-Medium.ttf"; path = "../src/assets/fonts/Raleway-Medium.ttf"; sourceTree = "<group>"; fileEncoding = undefined; lastKnownFileType = unknown; explicitFileType = undefined; includeInIndex = 0; };
		ED2866BE77D440F094538000 /* Raleway-MediumItalic.ttf */ = {isa = PBXFileReference; name = "Raleway-MediumItalic.ttf"; path = "../src/assets/fonts/Raleway-MediumItalic.ttf"; sourceTree = "<group>"; fileEncoding = undefined; lastKnownFileType = unknown; explicitFileType = undefined; includeInIndex = 0; };
		A1DC424BF7284575B821CD60 /* Raleway-Regular.ttf */ = {isa = PBXFileReference; name = "Raleway-Regular.ttf"; path = "../src/assets/fonts/Raleway-Regular.ttf"; sourceTree = "<group>"; fileEncoding = undefined; lastKnownFileType = unknown; explicitFileType = undefined; includeInIndex = 0; };
		69CD31B24ADA42359BC7BD63 /* Raleway-SemiBold.ttf */ = {isa = PBXFileReference; name = "Raleway-SemiBold.ttf"; path = "../src/assets/fonts/Raleway-SemiBold.ttf"; sourceTree = "<group>"; fileEncoding = undefined; lastKnownFileType = unknown; explicitFileType = undefined; includeInIndex = 0; };
		A3F873540D394363995CEDBB /* Raleway-SemiBoldItalic.ttf */ = {isa = PBXFileReference; name = "Raleway-SemiBoldItalic.ttf"; path = "../src/assets/fonts/Raleway-SemiBoldItalic.ttf"; sourceTree = "<group>"; fileEncoding = undefined; lastKnownFileType = unknown; explicitFileType = undefined; includeInIndex = 0; };
		1F94CE3B34F84DE5BF06A1AB /* Raleway-Thin.ttf */ = {isa = PBXFileReference; name = "Raleway-Thin.ttf"; path = "../src/assets/fonts/Raleway-Thin.ttf"; sourceTree = "<group>"; fileEncoding = undefined; lastKnownFileType = unknown; explicitFileType = undefined; includeInIndex = 0; };
		325084AC301E4092A6DC8B6A /* Raleway-ThinItalic.ttf */ = {isa = PBXFileReference; name = "Raleway-ThinItalic.ttf"; path = "../src/assets/fonts/Raleway-ThinItalic.ttf"; sourceTree = "<group>"; fileEncoding = undefined; lastKnownFileType = unknown; explicitFileType = undefined; includeInIndex = 0; };
		D3B9438846004E4395AB38F9 /* Spinnaker-Regular.ttf */ = {isa = PBXFileReference; name = "Spinnaker-Regular.ttf"; path = "../src/assets/fonts/Spinnaker-Regular.ttf"; sourceTree = "<group>"; fileEncoding = undefined; lastKnownFileType = unknown; explicitFileType = undefined; includeInIndex = 0; };
		B258039751BC426998FEB33A /* Poppins-Black.ttf */ = {isa = PBXFileReference; name = "Poppins-Black.ttf"; path = "../src/assets/fonts/Poppins-Black.ttf"; sourceTree = "<group>"; fileEncoding = undefined; lastKnownFileType = unknown; explicitFileType = undefined; includeInIndex = 0; };
		C3D961AAC00B4D9B9051A1E3 /* Poppins-BlackItalic.ttf */ = {isa = PBXFileReference; name = "Poppins-BlackItalic.ttf"; path = "../src/assets/fonts/Poppins-BlackItalic.ttf"; sourceTree = "<group>"; fileEncoding = undefined; lastKnownFileType = unknown; explicitFileType = undefined; includeInIndex = 0; };
		8BD5D3C2EA5D476D964AFB5B /* Poppins-Bold.ttf */ = {isa = PBXFileReference; name = "Poppins-Bold.ttf"; path = "../src/assets/fonts/Poppins-Bold.ttf"; sourceTree = "<group>"; fileEncoding = undefined; lastKnownFileType = unknown; explicitFileType = undefined; includeInIndex = 0; };
		2FDC2F46E3B249EBBFC3DB5E /* Poppins-BoldItalic.ttf */ = {isa = PBXFileReference; name = "Poppins-BoldItalic.ttf"; path = "../src/assets/fonts/Poppins-BoldItalic.ttf"; sourceTree = "<group>"; fileEncoding = undefined; lastKnownFileType = unknown; explicitFileType = undefined; includeInIndex = 0; };
		D5B1A303EBDC4C36AE9B5FCA /* Poppins-ExtraBold.ttf */ = {isa = PBXFileReference; name = "Poppins-ExtraBold.ttf"; path = "../src/assets/fonts/Poppins-ExtraBold.ttf"; sourceTree = "<group>"; fileEncoding = undefined; lastKnownFileType = unknown; explicitFileType = undefined; includeInIndex = 0; };
		68ABDA0CA729408BA2850F6B /* Poppins-ExtraBoldItalic.ttf */ = {isa = PBXFileReference; name = "Poppins-ExtraBoldItalic.ttf"; path = "../src/assets/fonts/Poppins-ExtraBoldItalic.ttf"; sourceTree = "<group>"; fileEncoding = undefined; lastKnownFileType = unknown; explicitFileType = undefined; includeInIndex = 0; };
		6FE67D0782FD4963B6D9CC2B /* Poppins-ExtraLight.ttf */ = {isa = PBXFileReference; name = "Poppins-ExtraLight.ttf"; path = "../src/assets/fonts/Poppins-ExtraLight.ttf"; sourceTree = "<group>"; fileEncoding = undefined; lastKnownFileType = unknown; explicitFileType = undefined; includeInIndex = 0; };
		8000974351E7409598AC4AA7 /* Poppins-ExtraLightItalic.ttf */ = {isa = PBXFileReference; name = "Poppins-ExtraLightItalic.ttf"; path = "../src/assets/fonts/Poppins-ExtraLightItalic.ttf"; sourceTree = "<group>"; fileEncoding = undefined; lastKnownFileType = unknown; explicitFileType = undefined; includeInIndex = 0; };
		14FCA3C696F342719A535DF4 /* Poppins-Italic.ttf */ = {isa = PBXFileReference; name = "Poppins-Italic.ttf"; path = "../src/assets/fonts/Poppins-Italic.ttf"; sourceTree = "<group>"; fileEncoding = undefined; lastKnownFileType = unknown; explicitFileType = undefined; includeInIndex = 0; };
		68C785D9771348FDAF9388B2 /* Poppins-Light.ttf */ = {isa = PBXFileReference; name = "Poppins-Light.ttf"; path = "../src/assets/fonts/Poppins-Light.ttf"; sourceTree = "<group>"; fileEncoding = undefined; lastKnownFileType = unknown; explicitFileType = undefined; includeInIndex = 0; };
		46062F4199CD4C809BAE2DB5 /* Poppins-LightItalic.ttf */ = {isa = PBXFileReference; name = "Poppins-LightItalic.ttf"; path = "../src/assets/fonts/Poppins-LightItalic.ttf"; sourceTree = "<group>"; fileEncoding = undefined; lastKnownFileType = unknown; explicitFileType = undefined; includeInIndex = 0; };
		1BF3AB81C6DE4D2A979D9FC4 /* Poppins-Medium.ttf */ = {isa = PBXFileReference; name = "Poppins-Medium.ttf"; path = "../src/assets/fonts/Poppins-Medium.ttf"; sourceTree = "<group>"; fileEncoding = undefined; lastKnownFileType = unknown; explicitFileType = undefined; includeInIndex = 0; };
		A9E43115D90149418C8EAD42 /* Poppins-MediumItalic.ttf */ = {isa = PBXFileReference; name = "Poppins-MediumItalic.ttf"; path = "../src/assets/fonts/Poppins-MediumItalic.ttf"; sourceTree = "<group>"; fileEncoding = undefined; lastKnownFileType = unknown; explicitFileType = undefined; includeInIndex = 0; };
		251FAB22A6414563BF57F110 /* Poppins-Regular.ttf */ = {isa = PBXFileReference; name = "Poppins-Regular.ttf"; path = "../src/assets/fonts/Poppins-Regular.ttf"; sourceTree = "<group>"; fileEncoding = undefined; lastKnownFileType = unknown; explicitFileType = undefined; includeInIndex = 0; };
		F8C0017FADE34B6080547AB3 /* Poppins-SemiBold.ttf */ = {isa = PBXFileReference; name = "Poppins-SemiBold.ttf"; path = "../src/assets/fonts/Poppins-SemiBold.ttf"; sourceTree = "<group>"; fileEncoding = undefined; lastKnownFileType = unknown; explicitFileType = undefined; includeInIndex = 0; };
		31E674E7AC4F44BD811E0967 /* Poppins-SemiBoldItalic.ttf */ = {isa = PBXFileReference; name = "Poppins-SemiBoldItalic.ttf"; path = "../src/assets/fonts/Poppins-SemiBoldItalic.ttf"; sourceTree = "<group>"; fileEncoding = undefined; lastKnownFileType = unknown; explicitFileType = undefined; includeInIndex = 0; };
		BA8281720D0C479099F77609 /* Poppins-Thin.ttf */ = {isa = PBXFileReference; name = "Poppins-Thin.ttf"; path = "../src/assets/fonts/Poppins-Thin.ttf"; sourceTree = "<group>"; fileEncoding = undefined; lastKnownFileType = unknown; explicitFileType = undefined; includeInIndex = 0; };
		8C1113A2553E47A1A592B6AB /* Poppins-ThinItalic.ttf */ = {isa = PBXFileReference; name = "Poppins-ThinItalic.ttf"; path = "../src/assets/fonts/Poppins-ThinItalic.ttf"; sourceTree = "<group>"; fileEncoding = undefined; lastKnownFileType = unknown; explicitFileType = undefined; includeInIndex = 0; };
		9E8EFCA628CA468189818FDA /* OFL.txt */ = {isa = PBXFileReference; name = "OFL.txt"; path = "../src/assets/fonts/OFL.txt"; sourceTree = "<group>"; fileEncoding = undefined; lastKnownFileType = unknown; explicitFileType = undefined; includeInIndex = 0; };
/* End PBXFileReference section */

/* Begin PBXFrameworksBuildPhase section */
		13B07F8C1A680F5B00A75B9A /* Frameworks */ = {
			isa = PBXFrameworksBuildPhase;
			buildActionMask = 2147483647;
			files = (
				0C80B921A6F3F58F76C31292 /* libPods-MyTask.a in Frameworks */,
			);
			runOnlyForDeploymentPostprocessing = 0;
		};
/* End PBXFrameworksBuildPhase section */

/* Begin PBXGroup section */
		00E356F01AD99517003FC87E /* Supporting Files */ = {
			isa = PBXGroup;
			children = (
				00E356F11AD99517003FC87E /* Info.plist */,
			);
			name = "Supporting Files";
			sourceTree = "<group>";
		};
		13B07FAE1A68108700A75B9A /* MyTask */ = {
			isa = PBXGroup;
			children = (
				13B07FB51A68108700A75B9A /* Images.xcassets */,
				761780EC2CA45674006654EE /* AppDelegate.swift */,
				13B07FB61A68108700A75B9A /* Info.plist */,
				81AB9BB72411601600AC10FF /* LaunchScreen.storyboard */,
				13B07FB81A68108700A75B9A /* PrivacyInfo.xcprivacy */,
			);
			name = MyTask;
			sourceTree = "<group>";
		};
		2D16E6871FA4F8E400B85C8A /* Frameworks */ = {
			isa = PBXGroup;
			children = (
				ED297162215061F000B7C4FE /* JavaScriptCore.framework */,
				5DCACB8F33CDC322A6C60F78 /* libPods-MyTask.a */,
			);
			name = Frameworks;
			sourceTree = "<group>";
		};
		832341AE1AAA6A7D00B99B32 /* Libraries */ = {
			isa = PBXGroup;
			children = (
			);
			name = Libraries;
			sourceTree = "<group>";
		};
		83CBB9F61A601CBA00E9B192 = {
			isa = PBXGroup;
			children = (
				13B07FAE1A68108700A75B9A /* MyTask */,
				832341AE1AAA6A7D00B99B32 /* Libraries */,
				83CBBA001A601CBA00E9B192 /* Products */,
				2D16E6871FA4F8E400B85C8A /* Frameworks */,
				BBD78D7AC51CEA395F1C20DB /* Pods */,
				EC25342BE0EE4CE3BE2D8635 /* Resources */,
			);
			indentWidth = 2;
			sourceTree = "<group>";
			tabWidth = 2;
			usesTabs = 0;
		};
		83CBBA001A601CBA00E9B192 /* Products */ = {
			isa = PBXGroup;
			children = (
				13B07F961A680F5B00A75B9A /* MyTask.app */,
			);
			name = Products;
			sourceTree = "<group>";
		};
		BBD78D7AC51CEA395F1C20DB /* Pods */ = {
			isa = PBXGroup;
			children = (
				3B4392A12AC88292D35C810B /* Pods-MyTask.debug.xcconfig */,
				5709B34CF0A7D63546082F79 /* Pods-MyTask.release.xcconfig */,
			);
			path = Pods;
			sourceTree = "<group>";
		};
		EC25342BE0EE4CE3BE2D8635 /* Resources */ = {
			isa = "PBXGroup";
			children = (
				663BC4E9697443148648AD7A /* OpenSans_Condensed-Bold.ttf */,
				6774290B18ED4E3D993CF60B /* OpenSans-Bold.ttf */,
				892DDDC4E88B47D38690C057 /* OpenSans-BoldItalic.ttf */,
				975C79179AAB4F8BA1BD343B /* OpenSans-ExtraBold.ttf */,
				34CFC49ADD7F4227A638830E /* OpenSans-ExtraBoldItalic.ttf */,
				5B361EA0570D4B5282D43781 /* OpenSans-Italic.ttf */,
				2788D8C300CC4653B38DF2F1 /* OpenSans-Light.ttf */,
				D3A34CE0D9B64A6F94AB649C /* OpenSans-LightItalic.ttf */,
				49098D8AE675478CA5D15C39 /* OpenSans-Medium.ttf */,
				FCDF224B850348CC928417E5 /* OpenSans-MediumItalic.ttf */,
				1DCA5A2023104C4C971A4330 /* OpenSans-Regular.ttf */,
				1470AE8063D147D1959321FC /* OpenSans-SemiBold.ttf */,
				819C8F9F8691491CB520A027 /* OpenSans-SemiBoldItalic.ttf */,
				C11F4D5FEC21432F92AE385D /* OpenSans_Condensed-BoldItalic.ttf */,
				45767E519FFE41819C7BB0AE /* OpenSans_Condensed-ExtraBold.ttf */,
				48EF5655F16A4C8FA8007EFB /* OpenSans_Condensed-ExtraBoldItalic.ttf */,
				0173957232964213B6EA98C9 /* OpenSans_Condensed-Italic.ttf */,
				3680AE2D08664F4986715A7A /* OpenSans_Condensed-Light.ttf */,
				D912C0B126E04782A6BF0C72 /* OpenSans_Condensed-LightItalic.ttf */,
				F4AFB400B4274C4B9E8D4CAE /* OpenSans_Condensed-Medium.ttf */,
				5A427BB973A44EDBAC88D279 /* OpenSans_Condensed-MediumItalic.ttf */,
				CC85677F77F2446F9E9DF107 /* OpenSans_Condensed-Regular.ttf */,
				C301353AE41F4309B1B7799C /* OpenSans_Condensed-SemiBold.ttf */,
				DD731CADCD1B4EFEB5897BF5 /* OpenSans_Condensed-SemiBoldItalic.ttf */,
				3BCB014DDA0746FEAA075FA3 /* OpenSans_SemiCondensed-Bold.ttf */,
				68792E0C10F54B1AB4E0B478 /* OpenSans_SemiCondensed-BoldItalic.ttf */,
				B8A20F490BF94EBD82E0F271 /* OpenSans_SemiCondensed-ExtraBold.ttf */,
				95AB7BCCB4334C77BD3FA9AC /* OpenSans_SemiCondensed-ExtraBoldItalic.ttf */,
				392302913E674A4BB449550C /* OpenSans_SemiCondensed-Italic.ttf */,
				729A4D16D0D344F48842EC90 /* OpenSans_SemiCondensed-Light.ttf */,
				43E35D05025448FC89F72F88 /* OpenSans_SemiCondensed-LightItalic.ttf */,
				C8E0B30BE7574A90B4B3EFBB /* OpenSans_SemiCondensed-Medium.ttf */,
				FDFD7FE04B6B4EE78467CE93 /* OpenSans_SemiCondensed-MediumItalic.ttf */,
				DF30B110FBEC4F02847FE600 /* OpenSans_SemiCondensed-Regular.ttf */,
				FD0BC96BD22F4445BE97C715 /* OpenSans_SemiCondensed-SemiBold.ttf */,
				7DCA1A275A574E9D822E097E /* OpenSans_SemiCondensed-SemiBoldItalic.ttf */,
				5B5AEF487946457F8F535BD9 /* PlayfairDisplay-Black.ttf */,
				8A55346F078F42DFA79F4640 /* PlayfairDisplay-BlackItalic.ttf */,
				7FAA9A98133A4A4DB804CFDA /* PlayfairDisplay-Bold.ttf */,
				43D922FBA51C45FE9B5FE109 /* PlayfairDisplay-BoldItalic.ttf */,
				961B446357B84DE4AF5CBB9A /* PlayfairDisplay-ExtraBold.ttf */,
				EF727F6F275D4CBE89BBF021 /* PlayfairDisplay-ExtraBoldItalic.ttf */,
				31CEB94CBBF24F45B99480E5 /* PlayfairDisplay-Italic.ttf */,
				4BB8FC565AB44FEB80441E41 /* PlayfairDisplay-Medium.ttf */,
				43D65868D0874D5F91336487 /* PlayfairDisplay-MediumItalic.ttf */,
				90B5FFB154334EAF902F3BDE /* PlayfairDisplay-Regular.ttf */,
				3304A6DEFB7549308C2142EF /* PlayfairDisplay-SemiBold.ttf */,
				5D3F0165559B4F23BA32B9CD /* PlayfairDisplay-SemiBoldItalic.ttf */,
				0B24701FD73B4A8CB00B26CC /* PlayfairDisplaySC-Black.ttf */,
				A4238EBA2AF44D1EB1D1E793 /* PlayfairDisplaySC-BlackItalic.ttf */,
				7BC9483019EB49C693AA9156 /* PlayfairDisplaySC-Bold.ttf */,
				72DE40762EF946FA885D2462 /* PlayfairDisplaySC-BoldItalic.ttf */,
				F7ACA4C4EA5141ADAF2D7462 /* PlayfairDisplaySC-Italic.ttf */,
				CB4C3510070944B8B085D82F /* PlayfairDisplaySC-Regular.ttf */,
				9535AA461AE94333819E41AF /* Raleway-Black.ttf */,
				2D2D6F3F86644F22A589C4BD /* Raleway-BlackItalic.ttf */,
				C4B89D8F07C54364A7834E47 /* Raleway-Bold.ttf */,
				995042D433AE4AC08B4A7B4C /* Raleway-BoldItalic.ttf */,
				E70062CECA944BF6B2CB5A8C /* Raleway-ExtraBold.ttf */,
				E100678585A140FBBF21E235 /* Raleway-ExtraBoldItalic.ttf */,
				1BCC15C685AB4C8C81523C41 /* Raleway-ExtraLight.ttf */,
				8247F82EE3084A47A55A4AB7 /* Raleway-ExtraLightItalic.ttf */,
				C8F84D12A408431CBE7BC353 /* Raleway-Italic.ttf */,
				2A5B6EE6CC61440FB96741B4 /* Raleway-Light.ttf */,
				E1BA8C3847624531972F5A43 /* Raleway-LightItalic.ttf */,
				B8800321C9004C6590ECC5AD /* Raleway-Medium.ttf */,
				ED2866BE77D440F094538000 /* Raleway-MediumItalic.ttf */,
				A1DC424BF7284575B821CD60 /* Raleway-Regular.ttf */,
				69CD31B24ADA42359BC7BD63 /* Raleway-SemiBold.ttf */,
				A3F873540D394363995CEDBB /* Raleway-SemiBoldItalic.ttf */,
				1F94CE3B34F84DE5BF06A1AB /* Raleway-Thin.ttf */,
				325084AC301E4092A6DC8B6A /* Raleway-ThinItalic.ttf */,
				D3B9438846004E4395AB38F9 /* Spinnaker-Regular.ttf */,
				B258039751BC426998FEB33A /* Poppins-Black.ttf */,
				C3D961AAC00B4D9B9051A1E3 /* Poppins-BlackItalic.ttf */,
				8BD5D3C2EA5D476D964AFB5B /* Poppins-Bold.ttf */,
				2FDC2F46E3B249EBBFC3DB5E /* Poppins-BoldItalic.ttf */,
				D5B1A303EBDC4C36AE9B5FCA /* Poppins-ExtraBold.ttf */,
				68ABDA0CA729408BA2850F6B /* Poppins-ExtraBoldItalic.ttf */,
				6FE67D0782FD4963B6D9CC2B /* Poppins-ExtraLight.ttf */,
				8000974351E7409598AC4AA7 /* Poppins-ExtraLightItalic.ttf */,
				14FCA3C696F342719A535DF4 /* Poppins-Italic.ttf */,
				68C785D9771348FDAF9388B2 /* Poppins-Light.ttf */,
				46062F4199CD4C809BAE2DB5 /* Poppins-LightItalic.ttf */,
				1BF3AB81C6DE4D2A979D9FC4 /* Poppins-Medium.ttf */,
				A9E43115D90149418C8EAD42 /* Poppins-MediumItalic.ttf */,
				251FAB22A6414563BF57F110 /* Poppins-Regular.ttf */,
				F8C0017FADE34B6080547AB3 /* Poppins-SemiBold.ttf */,
				31E674E7AC4F44BD811E0967 /* Poppins-SemiBoldItalic.ttf */,
				BA8281720D0C479099F77609 /* Poppins-Thin.ttf */,
				8C1113A2553E47A1A592B6AB /* Poppins-ThinItalic.ttf */,
				9E8EFCA628CA468189818FDA /* OFL.txt */,
			);
			name = Resources;
			sourceTree = "<group>";
			path = "";
		};
/* End PBXGroup section */

/* Begin PBXNativeTarget section */
		13B07F861A680F5B00A75B9A /* MyTask */ = {
			isa = PBXNativeTarget;
			buildConfigurationList = 13B07F931A680F5B00A75B9A /* Build configuration list for PBXNativeTarget "MyTask" */;
			buildPhases = (
				C38B50BA6285516D6DCD4F65 /* [CP] Check Pods Manifest.lock */,
				13B07F871A680F5B00A75B9A /* Sources */,
				13B07F8C1A680F5B00A75B9A /* Frameworks */,
				13B07F8E1A680F5B00A75B9A /* Resources */,
				00DD1BFF1BD5951E006B06BC /* Bundle React Native code and images */,
				00EEFC60759A1932668264C0 /* [CP] Embed Pods Frameworks */,
				E235C05ADACE081382539298 /* [CP] Copy Pods Resources */,
			);
			buildRules = (
			);
			dependencies = (
			);
			name = MyTask;
			productName = MyTask;
			productReference = 13B07F961A680F5B00A75B9A /* MyTask.app */;
			productType = "com.apple.product-type.application";
		};
/* End PBXNativeTarget section */

/* Begin PBXProject section */
		83CBB9F71A601CBA00E9B192 /* Project object */ = {
			isa = PBXProject;
			attributes = {
				LastUpgradeCheck = 1210;
				TargetAttributes = {
					13B07F861A680F5B00A75B9A = {
						LastSwiftMigration = 1120;
					};
				};
			};
			buildConfigurationList = 83CBB9FA1A601CBA00E9B192 /* Build configuration list for PBXProject "MyTask" */;
			compatibilityVersion = "Xcode 12.0";
			developmentRegion = en;
			hasScannedForEncodings = 0;
			knownRegions = (
				en,
				Base,
			);
			mainGroup = 83CBB9F61A601CBA00E9B192;
			productRefGroup = 83CBBA001A601CBA00E9B192 /* Products */;
			projectDirPath = "";
			projectRoot = "";
			targets = (
				13B07F861A680F5B00A75B9A /* MyTask */,
			);
		};
/* End PBXProject section */

/* Begin PBXResourcesBuildPhase section */
		00E356EC1AD99517003FC87E /* Resources */ = {
			isa = PBXResourcesBuildPhase;
			buildActionMask = 2147483647;
			files = (
			);
			runOnlyForDeploymentPostprocessing = 0;
		};
		13B07F8E1A680F5B00A75B9A /* Resources */ = {
			isa = PBXResourcesBuildPhase;
			buildActionMask = 2147483647;
			files = (
				81AB9BB82411601600AC10FF /* LaunchScreen.storyboard in Resources */,
				13B07FBF1A68108700A75B9A /* Images.xcassets in Resources */,
				EF9EC78E4D1A41ECB2006D45 /* OpenSans_Condensed-Bold.ttf in Resources */,
				51D2EA8F62AB496492F6056D /* OpenSans-Bold.ttf in Resources */,
				0C43528061B14447B1488781 /* OpenSans-BoldItalic.ttf in Resources */,
				BD370945D2DA49FA9D338478 /* OpenSans-ExtraBold.ttf in Resources */,
				6C0E7FEB9B2946088EADF810 /* OpenSans-ExtraBoldItalic.ttf in Resources */,
				23A46D8252C140AF98859500 /* OpenSans-Italic.ttf in Resources */,
				FCB3F90E3FFA45838418C567 /* OpenSans-Light.ttf in Resources */,
				774C03CDD3F7478F884D0512 /* OpenSans-LightItalic.ttf in Resources */,
				2C8ECCF4E9FB4FA5BC39F4BA /* OpenSans-Medium.ttf in Resources */,
				A6E8C85BDC5448F680C4582A /* OpenSans-MediumItalic.ttf in Resources */,
				8EA0E946C48D4086A6B799E4 /* OpenSans-Regular.ttf in Resources */,
				E0F18C384B474652B3CF76F7 /* OpenSans-SemiBold.ttf in Resources */,
				870F7C3D62E34428A99A9266 /* OpenSans-SemiBoldItalic.ttf in Resources */,
				C3A4BBD49EA94BC59F2CF893 /* OpenSans_Condensed-BoldItalic.ttf in Resources */,
				D9005085722545AFA5F708E9 /* OpenSans_Condensed-ExtraBold.ttf in Resources */,
				66CC5BF694C747EA9DD7E7FA /* OpenSans_Condensed-ExtraBoldItalic.ttf in Resources */,
				14FA72498F2A43A4BCBD3B19 /* OpenSans_Condensed-Italic.ttf in Resources */,
				D3F65F22B94D42C6BA728EDF /* OpenSans_Condensed-Light.ttf in Resources */,
				480EC2F3D7514ACD90AD0EA1 /* OpenSans_Condensed-LightItalic.ttf in Resources */,
				11C79A79064D434AB4AD2E8B /* OpenSans_Condensed-Medium.ttf in Resources */,
				4BC197FE76D84E79B0F41C7F /* OpenSans_Condensed-MediumItalic.ttf in Resources */,
				E7EA8E6DD382447F8222164F /* OpenSans_Condensed-Regular.ttf in Resources */,
				E889A37D9033429FBF6A4BB5 /* OpenSans_Condensed-SemiBold.ttf in Resources */,
				B801A5467FB4405E92F112A7 /* OpenSans_Condensed-SemiBoldItalic.ttf in Resources */,
				9E6095B8EF3D43F1913FEAE4 /* OpenSans_SemiCondensed-Bold.ttf in Resources */,
				4812885D9E874725AE59A581 /* OpenSans_SemiCondensed-BoldItalic.ttf in Resources */,
				341561AFB42D4E9581DF4235 /* OpenSans_SemiCondensed-ExtraBold.ttf in Resources */,
				2896B29C31684A98A5ECA2D6 /* OpenSans_SemiCondensed-ExtraBoldItalic.ttf in Resources */,
				ACE52217E972431CB07B8E06 /* OpenSans_SemiCondensed-Italic.ttf in Resources */,
				FA76650739F04980AF1701B4 /* OpenSans_SemiCondensed-Light.ttf in Resources */,
				44FE9EBB13A944A9880F86A2 /* OpenSans_SemiCondensed-LightItalic.ttf in Resources */,
				0DDB3F7C4CFD43E5A9865BE9 /* OpenSans_SemiCondensed-Medium.ttf in Resources */,
				9A81CEE2DFDA4345A0B7C6FE /* OpenSans_SemiCondensed-MediumItalic.ttf in Resources */,
				4825A5817CC34E2BB66AE297 /* OpenSans_SemiCondensed-Regular.ttf in Resources */,
				48EA65AD0CAB44B79C7473C1 /* OpenSans_SemiCondensed-SemiBold.ttf in Resources */,
				B74676C90DAF4A45A6CB8563 /* OpenSans_SemiCondensed-SemiBoldItalic.ttf in Resources */,
				FDE8A8D883B64634916542CA /* PlayfairDisplay-Black.ttf in Resources */,
				3820D2DF7CA2402D9EEE5C47 /* PlayfairDisplay-BlackItalic.ttf in Resources */,
				CE50597711DD48F7A907841E /* PlayfairDisplay-Bold.ttf in Resources */,
				647D48F24496471B94EC6B2E /* PlayfairDisplay-BoldItalic.ttf in Resources */,
				4A122D29EDA844129035F551 /* PlayfairDisplay-ExtraBold.ttf in Resources */,
				C0F62E00DF07457A9916DC4F /* PlayfairDisplay-ExtraBoldItalic.ttf in Resources */,
				76496F289E314AB6993FB80C /* PlayfairDisplay-Italic.ttf in Resources */,
				6F0AE776D0BB4B7DB2BC5137 /* PlayfairDisplay-Medium.ttf in Resources */,
				1C9F5CBDBA554F679FF7B0B2 /* PlayfairDisplay-MediumItalic.ttf in Resources */,
				CD6A650D18E940A78E588308 /* PlayfairDisplay-Regular.ttf in Resources */,
				D1F41AAE4ECD4568AD0C1009 /* PlayfairDisplay-SemiBold.ttf in Resources */,
				8418083FFC604D20AA106472 /* PlayfairDisplay-SemiBoldItalic.ttf in Resources */,
				9311F456583448719BC35104 /* PlayfairDisplaySC-Black.ttf in Resources */,
				4B6010307CA245CC9AED2964 /* PlayfairDisplaySC-BlackItalic.ttf in Resources */,
				D360EBFAE5134037B55DE8C2 /* PlayfairDisplaySC-Bold.ttf in Resources */,
				1FB02EB39A5B435BBFA07248 /* PlayfairDisplaySC-BoldItalic.ttf in Resources */,
				91F09B7E2CE040C3A45296A8 /* PlayfairDisplaySC-Italic.ttf in Resources */,
				D82B491DE38C459DA275B55E /* PlayfairDisplaySC-Regular.ttf in Resources */,
				D54074851E5D4FC084222734 /* Raleway-Black.ttf in Resources */,
				16484D8C0AD34B5299E09C2B /* Raleway-BlackItalic.ttf in Resources */,
				3BC607FAB6B94AB08F928723 /* Raleway-Bold.ttf in Resources */,
				C0D7703420E3473C97E05FED /* Raleway-BoldItalic.ttf in Resources */,
				F6AA0D0EE0E64FEB9F7B308D /* Raleway-ExtraBold.ttf in Resources */,
				63EDE883A03742DBBD71D575 /* Raleway-ExtraBoldItalic.ttf in Resources */,
				C10200DC93F5498FB45980E4 /* Raleway-ExtraLight.ttf in Resources */,
				BD5F7868D2E44A4A8C8254A2 /* Raleway-ExtraLightItalic.ttf in Resources */,
				5F6B20CA2D234883B906EEA2 /* Raleway-Italic.ttf in Resources */,
				FD0EA98F976F4345B8E4B56F /* Raleway-Light.ttf in Resources */,
				4A37E7EE65B245038C7F022D /* Raleway-LightItalic.ttf in Resources */,
				9FD11F88F1D646F68210E9AB /* Raleway-Medium.ttf in Resources */,
				B3F4322C889741AC85ADDE6C /* Raleway-MediumItalic.ttf in Resources */,
				E23DA8A265FB43DF9DE7104B /* Raleway-Regular.ttf in Resources */,
				80F4A9497091404FA0AF0837 /* Raleway-SemiBold.ttf in Resources */,
				6C1192F1323E4B1A936B136C /* Raleway-SemiBoldItalic.ttf in Resources */,
				BF0DA02DB8744DF09B6CC70C /* Raleway-Thin.ttf in Resources */,
				D5C2F84FD0444256A37F6DC0 /* Raleway-ThinItalic.ttf in Resources */,
				A06A2AD9D4424303A3267BD4 /* Spinnaker-Regular.ttf in Resources */,
				22854BECD95641EBB6754804 /* Poppins-Black.ttf in Resources */,
				1BF27FD10F9E4A6BA2F4DE28 /* Poppins-BlackItalic.ttf in Resources */,
				C15027C5183844E8AC665A44 /* Poppins-Bold.ttf in Resources */,
				4902A4694FA045E5AB62FAA6 /* Poppins-BoldItalic.ttf in Resources */,
				D59E7BA3BAE84F28833A401F /* Poppins-ExtraBold.ttf in Resources */,
				3BD8C28789D240FBA523C4FE /* Poppins-ExtraBoldItalic.ttf in Resources */,
				EEB8E3888FF14C789B360A10 /* Poppins-ExtraLight.ttf in Resources */,
				4440F52284794FA9A9E64706 /* Poppins-ExtraLightItalic.ttf in Resources */,
				F1E643FB2C6E471D82918596 /* Poppins-Italic.ttf in Resources */,
				CCE00CB9B9A949F6B2263EC1 /* Poppins-Light.ttf in Resources */,
				B8BDD1DE1C4845C78344A52A /* Poppins-LightItalic.ttf in Resources */,
				98AFCE735C234A20B3B0420F /* Poppins-Medium.ttf in Resources */,
				C2A146D98200417781500132 /* Poppins-MediumItalic.ttf in Resources */,
				1847EF5097CC415D93D0396A /* Poppins-Regular.ttf in Resources */,
				5AC1A65090394574893A9D6A /* Poppins-SemiBold.ttf in Resources */,
				4AC7EB826C9846519CDABED9 /* Poppins-SemiBoldItalic.ttf in Resources */,
				B4696AE246F24FC392C76483 /* Poppins-Thin.ttf in Resources */,
				AD422B87E9DD4F5BA2045763 /* Poppins-ThinItalic.ttf in Resources */,
				A6B5D23923684EAF8435054B /* OFL.txt in Resources */,
			);
			runOnlyForDeploymentPostprocessing = 0;
		};
/* End PBXResourcesBuildPhase section */

/* Begin PBXShellScriptBuildPhase section */
		00DD1BFF1BD5951E006B06BC /* Bundle React Native code and images */ = {
			isa = PBXShellScriptBuildPhase;
			buildActionMask = 2147483647;
			files = (
			);
			inputPaths = (
				"$(SRCROOT)/.xcode.env.local",
				"$(SRCROOT)/.xcode.env",
			);
			name = "Bundle React Native code and images";
			outputPaths = (
			);
			runOnlyForDeploymentPostprocessing = 0;
			shellPath = /bin/sh;
			shellScript = "set -e\n\nWITH_ENVIRONMENT=\"$REACT_NATIVE_PATH/scripts/xcode/with-environment.sh\"\nREACT_NATIVE_XCODE=\"$REACT_NATIVE_PATH/scripts/react-native-xcode.sh\"\n\n/bin/sh -c \"$WITH_ENVIRONMENT $REACT_NATIVE_XCODE\"\n";
		};
		00EEFC60759A1932668264C0 /* [CP] Embed Pods Frameworks */ = {
			isa = PBXShellScriptBuildPhase;
			buildActionMask = 2147483647;
			files = (
			);
			inputFileListPaths = (
				"${PODS_ROOT}/Target Support Files/Pods-MyTask/Pods-MyTask-frameworks-${CONFIGURATION}-input-files.xcfilelist",
			);
			name = "[CP] Embed Pods Frameworks";
			outputFileListPaths = (
				"${PODS_ROOT}/Target Support Files/Pods-MyTask/Pods-MyTask-frameworks-${CONFIGURATION}-output-files.xcfilelist",
			);
			runOnlyForDeploymentPostprocessing = 0;
			shellPath = /bin/sh;
			shellScript = "\"${PODS_ROOT}/Target Support Files/Pods-MyTask/Pods-MyTask-frameworks.sh\"\n";
			showEnvVarsInLog = 0;
		};
		C38B50BA6285516D6DCD4F65 /* [CP] Check Pods Manifest.lock */ = {
			isa = PBXShellScriptBuildPhase;
			buildActionMask = 2147483647;
			files = (
			);
			inputFileListPaths = (
			);
			inputPaths = (
				"${PODS_PODFILE_DIR_PATH}/Podfile.lock",
				"${PODS_ROOT}/Manifest.lock",
			);
			name = "[CP] Check Pods Manifest.lock";
			outputFileListPaths = (
			);
			outputPaths = (
				"$(DERIVED_FILE_DIR)/Pods-MyTask-checkManifestLockResult.txt",
			);
			runOnlyForDeploymentPostprocessing = 0;
			shellPath = /bin/sh;
			shellScript = "diff \"${PODS_PODFILE_DIR_PATH}/Podfile.lock\" \"${PODS_ROOT}/Manifest.lock\" > /dev/null\nif [ $? != 0 ] ; then\n    # print error to STDERR\n    echo \"error: The sandbox is not in sync with the Podfile.lock. Run 'pod install' or update your CocoaPods installation.\" >&2\n    exit 1\nfi\n# This output is used by Xcode 'outputs' to avoid re-running this script phase.\necho \"SUCCESS\" > \"${SCRIPT_OUTPUT_FILE_0}\"\n";
			showEnvVarsInLog = 0;
		};
		E235C05ADACE081382539298 /* [CP] Copy Pods Resources */ = {
			isa = PBXShellScriptBuildPhase;
			buildActionMask = 2147483647;
			files = (
			);
			inputFileListPaths = (
				"${PODS_ROOT}/Target Support Files/Pods-MyTask/Pods-MyTask-resources-${CONFIGURATION}-input-files.xcfilelist",
			);
			name = "[CP] Copy Pods Resources";
			outputFileListPaths = (
				"${PODS_ROOT}/Target Support Files/Pods-MyTask/Pods-MyTask-resources-${CONFIGURATION}-output-files.xcfilelist",
			);
			runOnlyForDeploymentPostprocessing = 0;
			shellPath = /bin/sh;
			shellScript = "\"${PODS_ROOT}/Target Support Files/Pods-MyTask/Pods-MyTask-resources.sh\"\n";
			showEnvVarsInLog = 0;
		};
/* End PBXShellScriptBuildPhase section */

/* Begin PBXSourcesBuildPhase section */
		13B07F871A680F5B00A75B9A /* Sources */ = {
			isa = PBXSourcesBuildPhase;
			buildActionMask = 2147483647;
			files = (
				761780ED2CA45674006654EE /* AppDelegate.swift in Sources */,
			);
			runOnlyForDeploymentPostprocessing = 0;
		};
/* End PBXSourcesBuildPhase section */

/* Begin PBXTargetDependency section */
		00E356F51AD99517003FC87E /* PBXTargetDependency */ = {
			isa = PBXTargetDependency;
			target = 13B07F861A680F5B00A75B9A /* MyTask */;
			targetProxy = 00E356F41AD99517003FC87E /* PBXContainerItemProxy */;
		};
/* End PBXTargetDependency section */

/* Begin XCBuildConfiguration section */
		13B07F941A680F5B00A75B9A /* Debug */ = {
			isa = XCBuildConfiguration;
			baseConfigurationReference = 3B4392A12AC88292D35C810B /* Pods-MyTask.debug.xcconfig */;
			buildSettings = {
				ASSETCATALOG_COMPILER_APPICON_NAME = AppIcon;
				CLANG_ENABLE_MODULES = YES;
				CURRENT_PROJECT_VERSION = 1;
				ENABLE_BITCODE = NO;
				INFOPLIST_FILE = MyTask/Info.plist;
				IPHONEOS_DEPLOYMENT_TARGET = 15.1;
				LD_RUNPATH_SEARCH_PATHS = (
					"$(inherited)",
					"@executable_path/Frameworks",
				);
				MARKETING_VERSION = 1.0;
				OTHER_LDFLAGS = (
					"$(inherited)",
					"-ObjC",
					"-lc++",
				);
				PRODUCT_BUNDLE_IDENTIFIER = "org.reactjs.native.example.$(PRODUCT_NAME:rfc1034identifier)";
				PRODUCT_NAME = MyTask;
				SWIFT_OPTIMIZATION_LEVEL = "-Onone";
				SWIFT_VERSION = 5.0;
				VERSIONING_SYSTEM = "apple-generic";
			};
			name = Debug;
		};
		13B07F951A680F5B00A75B9A /* Release */ = {
			isa = XCBuildConfiguration;
			baseConfigurationReference = 5709B34CF0A7D63546082F79 /* Pods-MyTask.release.xcconfig */;
			buildSettings = {
				ASSETCATALOG_COMPILER_APPICON_NAME = AppIcon;
				CLANG_ENABLE_MODULES = YES;
				CURRENT_PROJECT_VERSION = 1;
				INFOPLIST_FILE = MyTask/Info.plist;
				IPHONEOS_DEPLOYMENT_TARGET = 15.1;
				LD_RUNPATH_SEARCH_PATHS = (
					"$(inherited)",
					"@executable_path/Frameworks",
				);
				MARKETING_VERSION = 1.0;
				OTHER_LDFLAGS = (
					"$(inherited)",
					"-ObjC",
					"-lc++",
				);
				PRODUCT_BUNDLE_IDENTIFIER = "org.reactjs.native.example.$(PRODUCT_NAME:rfc1034identifier)";
				PRODUCT_NAME = MyTask;
				SWIFT_VERSION = 5.0;
				VERSIONING_SYSTEM = "apple-generic";
			};
			name = Release;
		};
		83CBBA201A601CBA00E9B192 /* Debug */ = {
			isa = XCBuildConfiguration;
			buildSettings = {
				ALWAYS_SEARCH_USER_PATHS = NO;
				CLANG_ANALYZER_LOCALIZABILITY_NONLOCALIZED = YES;
				CLANG_CXX_LANGUAGE_STANDARD = "c++20";
				CLANG_CXX_LIBRARY = "libc++";
				CLANG_ENABLE_MODULES = YES;
				CLANG_ENABLE_OBJC_ARC = YES;
				CLANG_WARN_BLOCK_CAPTURE_AUTORELEASING = YES;
				CLANG_WARN_BOOL_CONVERSION = YES;
				CLANG_WARN_COMMA = YES;
				CLANG_WARN_CONSTANT_CONVERSION = YES;
				CLANG_WARN_DEPRECATED_OBJC_IMPLEMENTATIONS = YES;
				CLANG_WARN_DIRECT_OBJC_ISA_USAGE = YES_ERROR;
				CLANG_WARN_EMPTY_BODY = YES;
				CLANG_WARN_ENUM_CONVERSION = YES;
				CLANG_WARN_INFINITE_RECURSION = YES;
				CLANG_WARN_INT_CONVERSION = YES;
				CLANG_WARN_NON_LITERAL_NULL_CONVERSION = YES;
				CLANG_WARN_OBJC_IMPLICIT_RETAIN_SELF = YES;
				CLANG_WARN_OBJC_LITERAL_CONVERSION = YES;
				CLANG_WARN_OBJC_ROOT_CLASS = YES_ERROR;
				CLANG_WARN_QUOTED_INCLUDE_IN_FRAMEWORK_HEADER = YES;
				CLANG_WARN_RANGE_LOOP_ANALYSIS = YES;
				CLANG_WARN_STRICT_PROTOTYPES = YES;
				CLANG_WARN_SUSPICIOUS_MOVE = YES;
				CLANG_WARN_UNREACHABLE_CODE = YES;
				CLANG_WARN__DUPLICATE_METHOD_MATCH = YES;
				"CODE_SIGN_IDENTITY[sdk=iphoneos*]" = "iPhone Developer";
				COPY_PHASE_STRIP = NO;
				ENABLE_STRICT_OBJC_MSGSEND = YES;
				ENABLE_TESTABILITY = YES;
				"EXCLUDED_ARCHS[sdk=iphonesimulator*]" = "";
				GCC_C_LANGUAGE_STANDARD = gnu99;
				GCC_DYNAMIC_NO_PIC = NO;
				GCC_NO_COMMON_BLOCKS = YES;
				GCC_OPTIMIZATION_LEVEL = 0;
				GCC_PREPROCESSOR_DEFINITIONS = (
					"DEBUG=1",
					"$(inherited)",
				);
				GCC_SYMBOLS_PRIVATE_EXTERN = NO;
				GCC_WARN_64_TO_32_BIT_CONVERSION = YES;
				GCC_WARN_ABOUT_RETURN_TYPE = YES_ERROR;
				GCC_WARN_UNDECLARED_SELECTOR = YES;
				GCC_WARN_UNINITIALIZED_AUTOS = YES_AGGRESSIVE;
				GCC_WARN_UNUSED_FUNCTION = YES;
				GCC_WARN_UNUSED_VARIABLE = YES;
				IPHONEOS_DEPLOYMENT_TARGET = 15.1;
				LD_RUNPATH_SEARCH_PATHS = (
					/usr/lib/swift,
					"$(inherited)",
				);
				LIBRARY_SEARCH_PATHS = (
					"\"$(SDKROOT)/usr/lib/swift\"",
					"\"$(TOOLCHAIN_DIR)/usr/lib/swift/$(PLATFORM_NAME)\"",
					"\"$(inherited)\"",
				);
				MTL_ENABLE_DEBUG_INFO = YES;
				ONLY_ACTIVE_ARCH = YES;
				OTHER_CPLUSPLUSFLAGS = (
					"$(OTHER_CFLAGS)",
					"-DFOLLY_NO_CONFIG",
					"-DFOLLY_MOBILE=1",
					"-DFOLLY_USE_LIBCPP=1",
					"-DFOLLY_CFG_NO_COROUTINES=1",
					"-DFOLLY_HAVE_CLOCK_GETTIME=1",
				);
				SDKROOT = iphoneos;
			};
			name = Debug;
		};
		83CBBA211A601CBA00E9B192 /* Release */ = {
			isa = XCBuildConfiguration;
			buildSettings = {
				ALWAYS_SEARCH_USER_PATHS = NO;
				CLANG_ANALYZER_LOCALIZABILITY_NONLOCALIZED = YES;
				CLANG_CXX_LANGUAGE_STANDARD = "c++20";
				CLANG_CXX_LIBRARY = "libc++";
				CLANG_ENABLE_MODULES = YES;
				CLANG_ENABLE_OBJC_ARC = YES;
				CLANG_WARN_BLOCK_CAPTURE_AUTORELEASING = YES;
				CLANG_WARN_BOOL_CONVERSION = YES;
				CLANG_WARN_COMMA = YES;
				CLANG_WARN_CONSTANT_CONVERSION = YES;
				CLANG_WARN_DEPRECATED_OBJC_IMPLEMENTATIONS = YES;
				CLANG_WARN_DIRECT_OBJC_ISA_USAGE = YES_ERROR;
				CLANG_WARN_EMPTY_BODY = YES;
				CLANG_WARN_ENUM_CONVERSION = YES;
				CLANG_WARN_INFINITE_RECURSION = YES;
				CLANG_WARN_INT_CONVERSION = YES;
				CLANG_WARN_NON_LITERAL_NULL_CONVERSION = YES;
				CLANG_WARN_OBJC_IMPLICIT_RETAIN_SELF = YES;
				CLANG_WARN_OBJC_LITERAL_CONVERSION = YES;
				CLANG_WARN_OBJC_ROOT_CLASS = YES_ERROR;
				CLANG_WARN_QUOTED_INCLUDE_IN_FRAMEWORK_HEADER = YES;
				CLANG_WARN_RANGE_LOOP_ANALYSIS = YES;
				CLANG_WARN_STRICT_PROTOTYPES = YES;
				CLANG_WARN_SUSPICIOUS_MOVE = YES;
				CLANG_WARN_UNREACHABLE_CODE = YES;
				CLANG_WARN__DUPLICATE_METHOD_MATCH = YES;
				"CODE_SIGN_IDENTITY[sdk=iphoneos*]" = "iPhone Developer";
				COPY_PHASE_STRIP = YES;
				ENABLE_NS_ASSERTIONS = NO;
				ENABLE_STRICT_OBJC_MSGSEND = YES;
				"EXCLUDED_ARCHS[sdk=iphonesimulator*]" = "";
				GCC_C_LANGUAGE_STANDARD = gnu99;
				GCC_NO_COMMON_BLOCKS = YES;
				GCC_WARN_64_TO_32_BIT_CONVERSION = YES;
				GCC_WARN_ABOUT_RETURN_TYPE = YES_ERROR;
				GCC_WARN_UNDECLARED_SELECTOR = YES;
				GCC_WARN_UNINITIALIZED_AUTOS = YES_AGGRESSIVE;
				GCC_WARN_UNUSED_FUNCTION = YES;
				GCC_WARN_UNUSED_VARIABLE = YES;
				IPHONEOS_DEPLOYMENT_TARGET = 15.1;
				LD_RUNPATH_SEARCH_PATHS = (
					/usr/lib/swift,
					"$(inherited)",
				);
				LIBRARY_SEARCH_PATHS = (
					"\"$(SDKROOT)/usr/lib/swift\"",
					"\"$(TOOLCHAIN_DIR)/usr/lib/swift/$(PLATFORM_NAME)\"",
					"\"$(inherited)\"",
				);
				MTL_ENABLE_DEBUG_INFO = NO;
				OTHER_CPLUSPLUSFLAGS = (
					"$(OTHER_CFLAGS)",
					"-DFOLLY_NO_CONFIG",
					"-DFOLLY_MOBILE=1",
					"-DFOLLY_USE_LIBCPP=1",
					"-DFOLLY_CFG_NO_COROUTINES=1",
					"-DFOLLY_HAVE_CLOCK_GETTIME=1",
				);
				SDKROOT = iphoneos;
				VALIDATE_PRODUCT = YES;
			};
			name = Release;
		};
/* End XCBuildConfiguration section */

/* Begin XCConfigurationList section */
		13B07F931A680F5B00A75B9A /* Build configuration list for PBXNativeTarget "MyTask" */ = {
			isa = XCConfigurationList;
			buildConfigurations = (
				13B07F941A680F5B00A75B9A /* Debug */,
				13B07F951A680F5B00A75B9A /* Release */,
			);
			defaultConfigurationIsVisible = 0;
			defaultConfigurationName = Release;
		};
		83CBB9FA1A601CBA00E9B192 /* Build configuration list for PBXProject "MyTask" */ = {
			isa = XCConfigurationList;
			buildConfigurations = (
				83CBBA201A601CBA00E9B192 /* Debug */,
				83CBBA211A601CBA00E9B192 /* Release */,
			);
			defaultConfigurationIsVisible = 0;
			defaultConfigurationName = Release;
		};
/* End XCConfigurationList section */
	};
	rootObject = 83CBB9F71A601CBA00E9B192 /* Project object */;
}
